{
  "version": 4,
  "terraform_version": "1.11.4",
  "serial": 1017,
  "lineage": "256c711b-08c4-f9ca-8050-3c68cf099337",
  "outputs": {
    "ca_certificate": {
      "value": "LS0tLS1CRUdJTiBDRVJUSUZJQ0FURS0tLS0tCk1JSUVMVENDQXBXZ0F3SUJBZ0lSQU1ES2lUZ2Q4dzluUkU4WE9ZQkYrMEV3RFFZSktvWklodmNOQVFFTEJRQXcKTHpFdE1Dc0dBMVVFQXhNa1lqUTVNakEzWlRndE56STVOeTAwTW1GbUxXSmlabVF0TkdVeFpqUTVZMkkzTm1RdwpNQ0FYRFRJMU1EY3lNVEF4TkRJd01sb1lEekl3TlRVd056RTBNREkwTWpBeVdqQXZNUzB3S3dZRFZRUURFeVJpCk5Ea3lNRGRsT0MwM01qazNMVFF5WVdZdFltSm1aQzAwWlRGbU5EbGpZamMyWkRBd2dnR2lNQTBHQ1NxR1NJYjMKRFFFQkFRVUFBNElCandBd2dnR0tBb0lCZ1FEbkxjOUNIaDYzZlZmWERaZXFuckU5dU9xTUh1a29MT1ZWTnFvSwpoY3ZXbmFOeGs2SURZNFplbUxJRERjdnd2a2t3b1JDRkcyZ0E0cTNvTXZaRlJRUXhoWE9Eb1FvZWpiY2J6azJGCmx2R3FaMllVYmlWNVU0eGJqMUJRWGNMTmo3VXlyZnN6ZFhhNzA5WVNYWkIxenhJYzFENkcrL1RqekcyMW83QkUKVjhVSTlUZWFjVGVYcUttNG5SQVNaSWtvUnRQaUdqMmxYMGJScDJNNTdvVUcxRHJJc1R6c055WHpQdGVXb3NhQQpybFBWWjhoK0twTkI0TytGbnhJdG9SbU0yTzhaTVdrTE4wM3kvWnRlVjJiTU1iN0k3MHJtZjJMMytHVWg5MG9wCkRvd1QzeEhVTzhWTmFUYnd4UC9hOWZONmpPMENYNkFFamx0T2IrNlFjSE9mUUN3cVRNZmxvL0h1Q2RHMkcwN1kKcVJhSW5adUliS01DMW81NHZpNTFSL2M2RXdxSTJhY3lMbHg4RTFPZzNhdWFCZGF4U05lZFB0b0RRc2pidGxlNApYcTdOT2FxUEtUNCtVSm5TZkhnRzkxU0pQZXF4eDVaZkx3cVVETjM5RHUrTUJ3VmkycEJLV0JnMWxjeTVCZGw2CjhXRzE5SWZNK1BYNGtXckNQQlpHYkphdzdTTUNBd0VBQWFOQ01FQXdEZ1lEVlIwUEFRSC9CQVFEQWdJRU1BOEcKQTFVZEV3RUIvd1FGTUFNQkFmOHdIUVlEVlIwT0JCWUVGRUVjVCttU2VMVE9QUEhxN3JweXd2dFkwU0lRTUEwRwpDU3FHU0liM0RRRUJDd1VBQTRJQmdRQlVHVkphNWhVOXVJdDdzalVoeEZrdUZKOEVsUzQ5ZjhmRStVeTlmakduCm5qSWd5cy8rc1FCanZDR3YyWVRkUys0ZFBZTVIrb0lQaUREVUJWQ1B1OG9pSERIVlcvN0xvaHhpUXJFWnV3LzkKanZPZVE5R1Z6T2NTbWtZcDdEV1Q3UmRmRmg2YTZ3Vk40bUZURktGeDZ3RlVaYXlFNnhETUNMZjNGdy93SXd1QgovaHdUckE2eDVQRE5yWWYyL0NPcXZZK1poTk96N0ZyZWFBcVQrN1NDVVFLMHRqbFZpK0cwYUJGbEVFejZqMDEzCmwvbWdReUtFdHhFZU5sV0UwbXpERnl4K3FnZXY2dFFwb25YVnFNRlhja0lPdkZ0MGc1SG12RHZwREI3U3FwR0EKMDAzZFF2K3JqbzljRGpLQjNkdXM1OUFLVXZkMG1JR2x4dVZDaGNsQWdocVNudUNITFh4Q1ZaM2dvWWx4T0FDYQpjTzFET3VNUE5keXh6dEROL1hDU0xHWWVwS1ZmZjFYUGJyeVAxZ1dpdk12eEhOVEl1aTZUVDJJaE9lVnpHYjN3ClVjZmcvSjhSdUV0LzR1dDZTRFNtODRRclRrWVgxZ1YvMWJkSmpNc0VXNm1FdVo5THMwQmgvZ24vdTE4S2txZm4KS3o5RWg5dWYyYmhzYVc3YS95eTJ4dU09Ci0tLS0tRU5EIENFUlRJRklDQVRFLS0tLS0K",
      "type": "string"
    },
    "client_certificate": {
      "value": "",
      "type": "string",
      "sensitive": true
    },
    "client_key": {
      "value": "",
      "type": "string",
      "sensitive": true
    },
    "region": {
      "value": "us-central1",
      "type": "string"
    },
    "vm_external_ip": {
      "value": "34.61.127.192",
      "type": "string"
    }
  },
  "resources": [
    {
      "mode": "managed",
      "type": "helm_release",
      "name": "argocd",
      "provider": "provider[\"registry.terraform.io/hashicorp/helm\"].gke",
      "instances": [
        {
          "schema_version": 2,
          "attributes": {
            "atomic": false,
            "chart": "argo-cd",
            "cleanup_on_fail": false,
            "create_namespace": true,
            "dependency_update": false,
            "description": null,
            "devel": null,
            "disable_crd_hooks": false,
            "disable_openapi_validation": false,
            "disable_webhooks": false,
            "force_update": false,
            "id": "argocd",
            "keyring": null,
            "lint": false,
            "manifest": null,
            "max_history": 0,
            "metadata": {
              "app_version": "v2.9.3",
              "chart": "argo-cd",
              "first_deployed": 1753075431,
              "last_deployed": 1753075431,
              "name": "argocd",
              "namespace": "argocd",
              "notes": "\n\nIn order to access the server UI you have the following options:\n\n1. kubectl port-forward service/argocd-server -n argocd 8080:443\n\n    and then open the browser on http://localhost:8080 and accept the certificate\n\n2. enable ingress in the values file `server.ingress.enabled` and either\n      - Add the annotation for ssl passthrough: https://argo-cd.readthedocs.io/en/stable/operator-manual/ingress/#option-1-ssl-passthrough\n      - Set the `configs.params.\"server.insecure\"` in the values file and terminate SSL at your ingress: https://argo-cd.readthedocs.io/en/stable/operator-manual/ingress/#option-2-multiple-ingress-objects-and-hosts\n\n\nAfter reaching the UI the first time you can login with username: admin and the random password generated during the installation. You can find the password by running:\n\nkubectl -n argocd get secret argocd-initial-admin-secret -o jsonpath=\"{.data.password}\" | base64 -d\n\n(You should delete the initial secret afterwards as suggested by the Getting Started Guide: https://argo-cd.readthedocs.io/en/stable/getting_started/#4-login-using-the-cli)\n",
              "revision": 1,
              "values": "{\"configs\":{\"cm\":{\"admin.enabled\":\"true\",\"application.instanceLabelKey\":\"argocd.argoproj.io/instance\",\"exec.enabled\":\"false\",\"repositories\":[],\"timeout.hard.reconciliation\":\"0s\",\"timeout.reconciliation\":\"180s\"},\"secret\":{\"argocdServerAdminPassword\":\"$2a$12$I4Bs8bMJxEZO1FlSPFfrRe1Suru/2fkLcQms5avKJ.3QwXwbylgr6\"}},\"redis\":{\"enabled\":true,\"password\":\"\"},\"redis-ha\":{\"enabled\":false},\"server\":{\"insecure\":true,\"service\":{\"type\":\"LoadBalancer\"}}}",
              "version": "5.51.6"
            },
            "name": "argocd",
            "namespace": "argocd",
            "pass_credentials": false,
            "postrender": null,
            "recreate_pods": false,
            "render_subchart_notes": true,
            "replace": false,
            "repository": "https://argoproj.github.io/argo-helm",
            "repository_ca_file": null,
            "repository_cert_file": null,
            "repository_key_file": null,
            "repository_password": null,
            "repository_username": null,
            "reset_values": false,
            "reuse_values": false,
            "set": null,
            "set_list": null,
            "set_sensitive": null,
            "set_wo": null,
            "set_wo_revision": null,
            "skip_crds": false,
            "status": "deployed",
            "timeout": 600,
            "values": [
              "\"configs\":\n  \"cm\":\n    \"admin.enabled\": \"true\"\n    \"application.instanceLabelKey\": \"argocd.argoproj.io/instance\"\n    \"exec.enabled\": \"false\"\n    \"repositories\": []\n    \"timeout.hard.reconciliation\": \"0s\"\n    \"timeout.reconciliation\": \"180s\"\n  \"secret\":\n    \"argocdServerAdminPassword\": \"$2a$12$I4Bs8bMJxEZO1FlSPFfrRe1Suru/2fkLcQms5avKJ.3QwXwbylgr6\"\n\"redis\":\n  \"enabled\": true\n  \"password\": \"\"\n\"redis-ha\":\n  \"enabled\": false\n\"server\":\n  \"insecure\": true\n  \"service\":\n    \"type\": \"LoadBalancer\"\n"
            ],
            "verify": false,
            "version": "5.51.6",
            "wait": true,
            "wait_for_jobs": false
          },
          "sensitive_attributes": [
            [
              {
                "type": "get_attr",
                "value": "repository_password"
              }
            ]
          ],
          "dependencies": [
            "module.gke.google_container_cluster.lovebridge_cluster",
            "module.gke.google_container_node_pool.primary_nodes",
            "module.network.google_compute_network.vpc",
            "module.network.google_compute_subnetwork.subnet",
            "null_resource.get_gke_credentials"
          ]
        }
      ]
    },
    {
      "mode": "managed",
      "type": "helm_release",
      "name": "node_exporter",
      "provider": "provider[\"registry.terraform.io/hashicorp/helm\"].gke",
      "instances": [
        {
          "schema_version": 2,
          "attributes": {
            "atomic": false,
            "chart": "prometheus-node-exporter",
            "cleanup_on_fail": false,
            "create_namespace": true,
            "dependency_update": false,
            "description": null,
            "devel": null,
            "disable_crd_hooks": false,
            "disable_openapi_validation": false,
            "disable_webhooks": false,
            "force_update": false,
            "id": "node-exporter",
            "keyring": null,
            "lint": false,
            "manifest": null,
            "max_history": 0,
            "metadata": {
              "app_version": "1.7.0",
              "chart": "prometheus-node-exporter",
              "first_deployed": 1753075015,
              "last_deployed": 1753075015,
              "name": "node-exporter",
              "namespace": "monitoring",
              "notes": "1. Get the application URL by running these commands:\n  export POD_NAME=$(kubectl get pods --namespace monitoring -l \"app.kubernetes.io/name=prometheus-node-exporter,app.kubernetes.io/instance=node-exporter\" -o jsonpath=\"{.items[0].metadata.name}\")\n  echo \"Visit http://127.0.0.1:9100 to use your application\"\n  kubectl port-forward --namespace monitoring $POD_NAME 9100",
              "revision": 1,
              "values": "{\"rbac\":{\"create\":true},\"service\":{\"type\":\"ClusterIP\"},\"serviceAccount\":{\"create\":true}}",
              "version": "4.26.0"
            },
            "name": "node-exporter",
            "namespace": "monitoring",
            "pass_credentials": false,
            "postrender": null,
            "recreate_pods": false,
            "render_subchart_notes": true,
            "replace": false,
            "repository": "https://prometheus-community.github.io/helm-charts",
            "repository_ca_file": null,
            "repository_cert_file": null,
            "repository_key_file": null,
            "repository_password": null,
            "repository_username": null,
            "reset_values": false,
            "reuse_values": false,
            "set": [
              {
                "name": "rbac.create",
                "type": "",
                "value": "true"
              },
              {
                "name": "serviceAccount.create",
                "type": "",
                "value": "true"
              },
              {
                "name": "service.type",
                "type": "",
                "value": "ClusterIP"
              }
            ],
            "set_list": null,
            "set_sensitive": null,
            "set_wo": null,
            "set_wo_revision": null,
            "skip_crds": false,
            "status": "deployed",
            "timeout": 300,
            "values": null,
            "verify": false,
            "version": "4.26.0",
            "wait": true,
            "wait_for_jobs": false
          },
          "sensitive_attributes": [
            [
              {
                "type": "get_attr",
                "value": "repository_password"
              }
            ]
          ]
        }
      ]
    },
    {
      "mode": "managed",
      "type": "kubectl_manifest",
      "name": "argocd_app",
      "provider": "provider[\"registry.terraform.io/gavinbunney/kubectl\"]",
      "instances": [
        {
          "schema_version": 1,
          "attributes": {
            "api_version": "argoproj.io/v1alpha1",
            "apply_only": false,
            "force_conflicts": false,
            "force_new": false,
            "id": "/apis/argoproj.io/v1alpha1/namespaces/argocd/applications/dating-app",
            "ignore_fields": null,
            "kind": "Application",
            "live_manifest_incluster": "6d93bd997fea4e87010b1b4be668059b503e470b3422bef52405712d4eb9c64b",
            "live_uid": "9416fa08-1e07-4f21-a4da-74dfae1f0903",
            "name": "dating-app",
            "namespace": "argocd",
            "override_namespace": null,
            "sensitive_fields": null,
            "server_side_apply": false,
            "timeouts": null,
            "uid": "9416fa08-1e07-4f21-a4da-74dfae1f0903",
            "validate_schema": true,
            "wait": null,
            "wait_for_rollout": true,
            "yaml_body": "apiVersion: argoproj.io/v1alpha1\r\nkind: Application\r\nmetadata:\r\n  name: dating-app\r\n  namespace: argocd\r\nspec:\r\n  project: default\r\n  source:\r\n    repoURL: https://gitlab.com/sooj-group/dating-app.git\r\n    targetRevision: main\r\n    path: k8s\r\n  destination:\r\n    server: https://kubernetes.default.svc\r\n    namespace: default\r\n  syncPolicy:\r\n    automated:\r\n      prune: true\r\n      selfHeal: true\r\n",
            "yaml_body_parsed": "apiVersion: argoproj.io/v1alpha1\nkind: Application\nmetadata:\n  name: dating-app\n  namespace: argocd\nspec:\n  destination:\n    namespace: default\n    server: https://kubernetes.default.svc\n  project: default\n  source:\n    path: k8s\n    repoURL: https://gitlab.com/sooj-group/dating-app.git\n    targetRevision: main\n  syncPolicy:\n    automated:\n      prune: true\n      selfHeal: true\n",
            "yaml_incluster": "6d93bd997fea4e87010b1b4be668059b503e470b3422bef52405712d4eb9c64b"
          },
          "sensitive_attributes": [
            [
              {
                "type": "get_attr",
                "value": "yaml_body"
              }
            ],
            [
              {
                "type": "get_attr",
                "value": "live_manifest_incluster"
              }
            ],
            [
              {
                "type": "get_attr",
                "value": "yaml_incluster"
              }
            ]
          ],
          "private": "eyJlMmJmYjczMC1lY2FhLTExZTYtOGY4OC0zNDM2M2JjN2M0YzAiOnsiY3JlYXRlIjo2MDAwMDAwMDAwMDB9LCJzY2hlbWFfdmVyc2lvbiI6IjEifQ==",
          "dependencies": [
            "helm_release.argocd",
            "kubectl_manifest.gitlab_repo",
            "module.gke.google_container_cluster.lovebridge_cluster",
            "module.gke.google_container_node_pool.primary_nodes",
            "module.network.google_compute_network.vpc",
            "module.network.google_compute_subnetwork.subnet",
            "null_resource.get_gke_credentials"
          ]
        }
      ]
    },
    {
      "mode": "managed",
      "type": "kubectl_manifest",
      "name": "dockerhub_secret",
      "provider": "provider[\"registry.terraform.io/gavinbunney/kubectl\"]",
      "instances": [
        {
          "schema_version": 1,
          "attributes": {
            "api_version": "v1",
            "apply_only": false,
            "force_conflicts": false,
            "force_new": false,
            "id": "/api/v1/namespaces/default/secrets/dockerhub-secret",
            "ignore_fields": null,
            "kind": "Secret",
            "live_manifest_incluster": "a01dee1f2850f5eada96d3ebf55b16758e9217b72843b6810dfb1b9af7df76a8",
            "live_uid": "c7008bab-16c4-46c9-abcc-93adfe5c97c6",
            "name": "dockerhub-secret",
            "namespace": "default",
            "override_namespace": null,
            "sensitive_fields": null,
            "server_side_apply": false,
            "timeouts": null,
            "uid": "c7008bab-16c4-46c9-abcc-93adfe5c97c6",
            "validate_schema": true,
            "wait": null,
            "wait_for_rollout": true,
            "yaml_body": "apiVersion: v1\r\nkind: Secret\r\nmetadata:\r\n  name: dockerhub-secret\r\n  namespace: default\r\ntype: kubernetes.io/dockerconfigjson\r\ndata:\r\n  .dockerconfigjson: \"eyJhdXRocyI6eyJodHRwczovL2luZGV4LmRvY2tlci5pby92MS8iOnsiYXV0aCI6IlkyaHZhWGxsY21GdE9uSm9aSGR1T1RrMU15RT0iLCJwYXNzd29yZCI6InJoZHduOTk1MyEiLCJ1c2VybmFtZSI6ImNob2l5ZXJhbSJ9fX0=\"\r\n",
            "yaml_body_parsed": "apiVersion: v1\ndata: (sensitive value)\nkind: Secret\nmetadata:\n  name: dockerhub-secret\n  namespace: default\ntype: kubernetes.io/dockerconfigjson\n",
            "yaml_incluster": "a01dee1f2850f5eada96d3ebf55b16758e9217b72843b6810dfb1b9af7df76a8"
          },
          "sensitive_attributes": [
            [
              {
                "type": "get_attr",
                "value": "yaml_body"
              }
            ],
            [
              {
                "type": "get_attr",
                "value": "yaml_incluster"
              }
            ],
            [
              {
                "type": "get_attr",
                "value": "live_manifest_incluster"
              }
            ]
          ],
          "private": "eyJlMmJmYjczMC1lY2FhLTExZTYtOGY4OC0zNDM2M2JjN2M0YzAiOnsiY3JlYXRlIjo2MDAwMDAwMDAwMDB9LCJzY2hlbWFfdmVyc2lvbiI6IjEifQ=="
        }
      ]
    },
    {
      "mode": "managed",
      "type": "kubectl_manifest",
      "name": "gitlab_repo",
      "provider": "provider[\"registry.terraform.io/gavinbunney/kubectl\"]",
      "instances": [
        {
          "schema_version": 1,
          "attributes": {
            "api_version": "v1",
            "apply_only": false,
            "force_conflicts": false,
            "force_new": false,
            "id": "/api/v1/namespaces/argocd/secrets/gitlab-repo-secret",
            "ignore_fields": null,
            "kind": "Secret",
            "live_manifest_incluster": "77b3338163939919869cadefbc34f514d7fb390dc839e17b1a53e226fa4c4d44",
            "live_uid": "bda23ed8-4ff3-43ac-ac6f-2bea7a294dfb",
            "name": "gitlab-repo-secret",
            "namespace": "argocd",
            "override_namespace": null,
            "sensitive_fields": null,
            "server_side_apply": false,
            "timeouts": null,
            "uid": "bda23ed8-4ff3-43ac-ac6f-2bea7a294dfb",
            "validate_schema": true,
            "wait": null,
            "wait_for_rollout": true,
            "yaml_body": "apiVersion: v1\r\nkind: Secret\r\nmetadata:\r\n  name: gitlab-repo-secret\r\n  namespace: argocd\r\n  labels:\r\n    argocd.argoproj.io/secret-type: repository\r\nstringData:\r\n  type: git\r\n  url: https://gitlab.com/sooj-group/dating-app.git\r\n  username: mks0301140\r\n  password: glpat-Cxn78VAtqFzwtgvDQ3Fo\r\n",
            "yaml_body_parsed": "apiVersion: v1\nkind: Secret\nmetadata:\n  labels:\n    argocd.argoproj.io/secret-type: repository\n  name: gitlab-repo-secret\n  namespace: argocd\nstringData:\n  password: glpat-Cxn78VAtqFzwtgvDQ3Fo\n  type: git\n  url: https://gitlab.com/sooj-group/dating-app.git\n  username: mks0301140\n",
            "yaml_incluster": "77b3338163939919869cadefbc34f514d7fb390dc839e17b1a53e226fa4c4d44"
          },
          "sensitive_attributes": [
            [
              {
                "type": "get_attr",
                "value": "yaml_incluster"
              }
            ],
            [
              {
                "type": "get_attr",
                "value": "live_manifest_incluster"
              }
            ],
            [
              {
                "type": "get_attr",
                "value": "yaml_body"
              }
            ]
          ],
          "private": "eyJlMmJmYjczMC1lY2FhLTExZTYtOGY4OC0zNDM2M2JjN2M0YzAiOnsiY3JlYXRlIjo2MDAwMDAwMDAwMDB9LCJzY2hlbWFfdmVyc2lvbiI6IjEifQ==",
          "dependencies": [
            "helm_release.argocd",
            "module.gke.google_container_cluster.lovebridge_cluster",
            "module.gke.google_container_node_pool.primary_nodes",
            "module.network.google_compute_network.vpc",
            "module.network.google_compute_subnetwork.subnet",
            "null_resource.get_gke_credentials"
          ]
        }
      ]
    },
    {
      "mode": "managed",
      "type": "null_resource",
      "name": "get_gke_credentials",
      "provider": "provider[\"registry.terraform.io/hashicorp/null\"]",
      "instances": [
        {
          "schema_version": 0,
          "attributes": {
            "id": "7966712805265022940",
            "triggers": null
          },
          "sensitive_attributes": [],
          "dependencies": [
            "module.gke.google_container_cluster.lovebridge_cluster",
            "module.gke.google_container_node_pool.primary_nodes",
            "module.network.google_compute_network.vpc",
            "module.network.google_compute_subnetwork.subnet"
          ]
        }
      ]
    },
    {
      "module": "module.bucket_backup",
      "mode": "managed",
      "type": "google_storage_bucket",
      "name": "db_backup_bucket",
      "provider": "provider[\"registry.terraform.io/hashicorp/google\"]",
      "instances": [
        {
          "schema_version": 3,
          "attributes": {
            "autoclass": [],
            "cors": [],
            "custom_placement_config": [],
            "default_event_based_hold": false,
            "effective_labels": {
              "goog-terraform-provisioned": "true"
            },
            "enable_object_retention": false,
            "encryption": [],
            "force_destroy": true,
            "hierarchical_namespace": [
              {
                "enabled": false
              }
            ],
            "id": "lovebridge-db-backups",
            "ip_filter": [],
            "labels": {},
            "lifecycle_rule": [
              {
                "action": [
                  {
                    "storage_class": "",
                    "type": "Delete"
                  }
                ],
                "condition": [
                  {
                    "age": 30,
                    "created_before": "",
                    "custom_time_before": "",
                    "days_since_custom_time": 0,
                    "days_since_noncurrent_time": 0,
                    "matches_prefix": [],
                    "matches_storage_class": [],
                    "matches_suffix": [],
                    "noncurrent_time_before": "",
                    "num_newer_versions": 0,
                    "send_age_if_zero": false,
                    "send_days_since_custom_time_if_zero": false,
                    "send_days_since_noncurrent_time_if_zero": false,
                    "send_num_newer_versions_if_zero": false,
                    "with_state": "ANY"
                  }
                ]
              }
            ],
            "location": "US-CENTRAL1",
            "logging": [],
            "name": "lovebridge-db-backups",
            "project": "direct-tribute-463400-f2",
            "project_number": 245797118829,
            "public_access_prevention": "inherited",
            "requester_pays": false,
            "retention_policy": [],
            "rpo": null,
            "self_link": "https://www.googleapis.com/storage/v1/b/lovebridge-db-backups",
            "soft_delete_policy": [
              {
                "effective_time": "2025-07-21T02:41:45.628Z",
                "retention_duration_seconds": 604800
              }
            ],
            "storage_class": "STANDARD",
            "terraform_labels": {
              "goog-terraform-provisioned": "true"
            },
            "time_created": "2025-07-21T02:41:45.628Z",
            "timeouts": null,
            "uniform_bucket_level_access": true,
            "updated": "2025-07-21T02:52:49.858Z",
            "url": "gs://lovebridge-db-backups",
            "versioning": [
              {
                "enabled": false
              }
            ],
            "website": []
          },
          "sensitive_attributes": [],
          "private": "eyJlMmJmYjczMC1lY2FhLTExZTYtOGY4OC0zNDM2M2JjN2M0YzAiOnsiY3JlYXRlIjo2MDAwMDAwMDAwMDAsInJlYWQiOjI0MDAwMDAwMDAwMCwidXBkYXRlIjoyNDAwMDAwMDAwMDB9LCJzY2hlbWFfdmVyc2lvbiI6IjMifQ=="
        }
      ]
    },
    {
      "module": "module.compute",
      "mode": "managed",
      "type": "google_compute_instance",
      "name": "vm_instance",
      "provider": "provider[\"registry.terraform.io/hashicorp/google\"]",
      "instances": [
        {
          "schema_version": 6,
          "attributes": {
            "advanced_machine_features": [],
            "allow_stopping_for_update": true,
            "attached_disk": [],
            "boot_disk": [
              {
                "auto_delete": true,
                "device_name": "persistent-disk-0",
                "disk_encryption_key_raw": "",
                "disk_encryption_key_rsa": "",
                "disk_encryption_key_sha256": "",
                "disk_encryption_service_account": "",
                "force_attach": false,
                "guest_os_features": [
                  "UEFI_COMPATIBLE",
                  "VIRTIO_SCSI_MULTIQUEUE",
                  "GVNIC"
                ],
                "initialize_params": [
                  {
                    "architecture": "X86_64",
                    "enable_confidential_compute": false,
                    "image": "https://www.googleapis.com/compute/v1/projects/debian-cloud/global/images/debian-11-bullseye-v20250709",
                    "labels": {},
                    "provisioned_iops": 0,
                    "provisioned_throughput": 0,
                    "resource_manager_tags": {},
                    "resource_policies": [],
                    "size": 10,
                    "snapshot": "",
                    "source_image_encryption_key": [],
                    "source_snapshot_encryption_key": [],
                    "storage_pool": "",
                    "type": "pd-standard"
                  }
                ],
                "interface": "",
                "kms_key_self_link": "",
                "mode": "READ_WRITE",
                "source": "https://www.googleapis.com/compute/v1/projects/direct-tribute-463400-f2/zones/us-central1-a/disks/dr-spring-vm"
              }
            ],
            "can_ip_forward": false,
            "confidential_instance_config": [],
            "cpu_platform": "AMD Rome",
            "creation_timestamp": "2025-07-20T19:42:02.689-07:00",
            "current_status": "RUNNING",
            "deletion_protection": false,
            "description": "",
            "desired_status": null,
            "effective_labels": {
              "goog-terraform-provisioned": "true"
            },
            "enable_display": false,
            "guest_accelerator": [],
            "hostname": "",
            "id": "projects/direct-tribute-463400-f2/zones/us-central1-a/instances/dr-spring-vm",
            "instance_encryption_key": [],
            "instance_id": "247192198633756181",
            "key_revocation_action_type": "",
            "label_fingerprint": "vezUS-42LLM=",
            "labels": {},
            "machine_type": "e2-standard-2",
            "metadata": {
              "startup-script": "#!/bin/bash\r\napt-get update\r\napt-get install -y docker.io\r\n\r\necho \"rhdwn9953!\" | docker login -u \"choiyeram\" --password-stdin\r\ndocker pull choiyeram/boot:latest\r\ndocker run -d -p 80:8080 choiyeram/boot:latest\r\n"
            },
            "metadata_fingerprint": "_JE_tTFQn80=",
            "metadata_startup_script": null,
            "min_cpu_platform": "",
            "name": "dr-spring-vm",
            "network_interface": [
              {
                "access_config": [
                  {
                    "nat_ip": "34.61.127.192",
                    "network_tier": "PREMIUM",
                    "public_ptr_domain_name": ""
                  }
                ],
                "alias_ip_range": [],
                "internal_ipv6_prefix_length": 0,
                "ipv6_access_config": [],
                "ipv6_access_type": "",
                "ipv6_address": "",
                "name": "nic0",
                "network": "https://www.googleapis.com/compute/v1/projects/direct-tribute-463400-f2/global/networks/dr-vpc",
                "network_attachment": "",
                "network_ip": "10.0.0.2",
                "nic_type": "",
                "queue_count": 0,
                "stack_type": "IPV4_ONLY",
                "subnetwork": "https://www.googleapis.com/compute/v1/projects/direct-tribute-463400-f2/regions/us-central1/subnetworks/dr-subnet",
                "subnetwork_project": "direct-tribute-463400-f2"
              }
            ],
            "network_performance_config": [],
            "params": [],
            "project": "direct-tribute-463400-f2",
            "reservation_affinity": [],
            "resource_policies": [],
            "scheduling": [
              {
                "automatic_restart": true,
                "availability_domain": 0,
                "instance_termination_action": "",
                "local_ssd_recovery_timeout": [],
                "max_run_duration": [],
                "min_node_cpus": 0,
                "node_affinities": [],
                "on_host_maintenance": "MIGRATE",
                "on_instance_stop_action": [],
                "preemptible": false,
                "provisioning_model": "STANDARD",
                "termination_time": ""
              }
            ],
            "scratch_disk": [],
            "self_link": "https://www.googleapis.com/compute/v1/projects/direct-tribute-463400-f2/zones/us-central1-a/instances/dr-spring-vm",
            "service_account": [],
            "shielded_instance_config": [
              {
                "enable_integrity_monitoring": true,
                "enable_secure_boot": false,
                "enable_vtpm": true
              }
            ],
            "tags": [
              "allow-http",
              "allow-ssh"
            ],
            "tags_fingerprint": "LfyOV3jN6cE=",
            "terraform_labels": {
              "goog-terraform-provisioned": "true"
            },
            "timeouts": null,
            "zone": "us-central1-a"
          },
          "sensitive_attributes": [
            [
              {
                "type": "get_attr",
                "value": "boot_disk"
              },
              {
                "type": "index",
                "value": {
                  "value": 0,
                  "type": "number"
                }
              },
              {
                "type": "get_attr",
                "value": "disk_encryption_key_raw"
              }
            ],
            [
              {
                "type": "get_attr",
                "value": "boot_disk"
              },
              {
                "type": "index",
                "value": {
                  "value": 0,
                  "type": "number"
                }
              },
              {
                "type": "get_attr",
                "value": "disk_encryption_key_rsa"
              }
            ]
          ],
          "private": "eyJlMmJmYjczMC1lY2FhLTExZTYtOGY4OC0zNDM2M2JjN2M0YzAiOnsiY3JlYXRlIjoxMjAwMDAwMDAwMDAwLCJkZWxldGUiOjEyMDAwMDAwMDAwMDAsInVwZGF0ZSI6MTIwMDAwMDAwMDAwMH0sInNjaGVtYV92ZXJzaW9uIjoiNiJ9",
          "dependencies": [
            "module.network.google_compute_network.vpc",
            "module.network.google_compute_subnetwork.subnet"
          ]
        }
      ]
    },
    {
      "module": "module.db",
      "mode": "managed",
      "type": "google_sql_database",
      "name": "main",
      "provider": "provider[\"registry.terraform.io/hashicorp/google\"]",
      "instances": [
        {
          "schema_version": 0,
          "attributes": {
            "charset": "utf8mb4",
            "collation": "utf8mb4_general_ci",
            "deletion_policy": "DELETE",
            "id": "projects/direct-tribute-463400-f2/instances/lovebridge-instance/databases/lovebridge_main",
            "instance": "lovebridge-instance",
            "name": "lovebridge_main",
            "project": "direct-tribute-463400-f2",
            "self_link": "https://sqladmin.googleapis.com/sql/v1beta4/projects/direct-tribute-463400-f2/instances/lovebridge-instance/databases/lovebridge_main",
            "timeouts": null
          },
          "sensitive_attributes": [],
          "private": "eyJlMmJmYjczMC1lY2FhLTExZTYtOGY4OC0zNDM2M2JjN2M0YzAiOnsiY3JlYXRlIjoxMjAwMDAwMDAwMDAwLCJkZWxldGUiOjEyMDAwMDAwMDAwMDAsInVwZGF0ZSI6MTIwMDAwMDAwMDAwMH19",
          "dependencies": [
            "module.db.google_sql_database_instance.instance",
            "module.network.google_compute_firewall.allow-ssh",
            "module.network.google_compute_firewall.allow_http",
            "module.network.google_compute_global_address.private_ip_range",
            "module.network.google_compute_network.vpc",
            "module.network.google_compute_route.allow_internet",
            "module.network.google_compute_router.router",
            "module.network.google_compute_router_nat.nat",
            "module.network.google_compute_subnetwork.private_subnet_db",
            "module.network.google_compute_subnetwork.private_subnet_kuber",
            "module.network.google_compute_subnetwork.subnet",
            "module.network.google_service_networking_connection.private_vpc_connection"
          ]
        }
      ]
    },
    {
      "module": "module.db",
      "mode": "managed",
      "type": "google_sql_database_instance",
      "name": "instance",
      "provider": "provider[\"registry.terraform.io/hashicorp/google\"]",
      "instances": [
        {
          "schema_version": 0,
          "attributes": {
            "available_maintenance_versions": [],
            "clone": [],
            "connection_name": "direct-tribute-463400-f2:us-central1:lovebridge-instance",
            "database_version": "MYSQL_8_0",
            "deletion_protection": false,
            "dns_name": "",
            "dns_names": [],
            "encryption_key_name": null,
            "first_ip_address": "10.163.0.2",
            "id": "lovebridge-instance",
            "instance_type": "CLOUD_SQL_INSTANCE",
            "ip_address": [
              {
                "ip_address": "10.163.0.2",
                "time_to_retire": "",
                "type": "PRIVATE"
              }
            ],
            "maintenance_version": "MYSQL_8_0_41.R20250531.01_10",
            "master_instance_name": "",
            "name": "lovebridge-instance",
            "private_ip_address": "10.163.0.2",
            "project": "direct-tribute-463400-f2",
            "psc_service_attachment_link": "",
            "public_ip_address": "",
            "region": "us-central1",
            "replica_configuration": [],
            "replica_names": [],
            "replication_cluster": [
              {
                "dr_replica": false,
                "failover_dr_replica_name": ""
              }
            ],
            "restore_backup_context": [],
            "root_password": null,
            "self_link": "https://sqladmin.googleapis.com/sql/v1beta4/projects/direct-tribute-463400-f2/instances/lovebridge-instance",
            "server_ca_cert": [
              {
                "cert": "-----BEGIN CERTIFICATE-----\nMIIDfzCCAmegAwIBAgIBADANBgkqhkiG9w0BAQsFADB3MS0wKwYDVQQuEyRlMWRj\nMjhhMi00MWExLTRmMmUtODEyNy1hNWVhNDg2ZDZmYmYxIzAhBgNVBAMTGkdvb2ds\nZSBDbG91ZCBTUUwgU2VydmVyIENBMRQwEgYDVQQKEwtHb29nbGUsIEluYzELMAkG\nA1UEBhMCVVMwHhcNMjUwNzIxMDI0NDE5WhcNMzUwNzE5MDI0NTE5WjB3MS0wKwYD\nVQQuEyRlMWRjMjhhMi00MWExLTRmMmUtODEyNy1hNWVhNDg2ZDZmYmYxIzAhBgNV\nBAMTGkdvb2dsZSBDbG91ZCBTUUwgU2VydmVyIENBMRQwEgYDVQQKEwtHb29nbGUs\nIEluYzELMAkGA1UEBhMCVVMwggEiMA0GCSqGSIb3DQEBAQUAA4IBDwAwggEKAoIB\nAQD57UXUp/SyBJo/mrcMPfgNG74Z9qo+gQnjDaXxK3QriKCUED15RTIOc1Ya0OIB\nCS/ARaeLb++5VgpMBL+sRpY8fY0vVn5/g3c18U8UMEHi3lQf3cVu8FArMOzaCupO\nkBibmQxQMAb6PbKRvKbI3AlnFa+hpYSrU0erZdL/s8ReIOS1G2NN9ajI97KZ9Ro/\npoGjzDP8+DKHte9v1TxvNupoxc8vp+jfKW4YwF79/lsmzdazVnahQ9T9/uRmJevQ\nfIdoCK0DkYuUk+gs46d6mCxdFH5wW2jwEcmiBGprp56sr72PyNU02cWHsjE+22JT\nCgDgsP85Xa2jT+Wke9L6kr3lAgMBAAGjFjAUMBIGA1UdEwEB/wQIMAYBAf8CAQAw\nDQYJKoZIhvcNAQELBQADggEBAInjTyDk+X0jRyDAvIj+Y94SFm66Bqet0jjhL+iU\n5CCtjaUr081De7t7CF5LXItZoGbywUjKhr5NH0kazt0u0Qkti3Z2Z3E45ESCpk9m\nxAUM5b0rNZ/056so8q1z2fwOrTiB6LJmhzDtEQ42CTrzm4XAyLT4QhiA5d4P7mYk\ndz77mSMJtC4DOdI66miT5XFx+fFyC5pXl6s1irgoGh2CLreGFn1KrwrkHaTj/Vry\nMakW2bA26XtLxqeQ5xaDDOIYpQt74fHeI2gc6FeFOp4d/+EiOkYyvU3sUWsGhtYx\n0vBe7Y9DQn1cNdQRbEgJ19YO41nK3Xh2HXbNXrbHyV0uirI=\n-----END CERTIFICATE-----",
                "common_name": "C=US,O=Google\\, Inc,CN=Google Cloud SQL Server CA,dnQualifier=e1dc28a2-41a1-4f2e-8127-a5ea486d6fbf",
                "create_time": "2025-07-21T02:44:19.882Z",
                "expiration_time": "2035-07-19T02:45:19.882Z",
                "sha1_fingerprint": "d3df4b4cd89c27ac6222a3cdb1f433f84ac937c0"
              }
            ],
            "service_account_email_address": "p245797118829-gim9bv@gcp-sa-cloud-sql.iam.gserviceaccount.com",
            "settings": [
              {
                "activation_policy": "ALWAYS",
                "active_directory_config": [],
                "advanced_machine_features": [],
                "availability_type": "REGIONAL",
                "backup_configuration": [
                  {
                    "backup_retention_settings": [
                      {
                        "retained_backups": 7,
                        "retention_unit": "COUNT"
                      }
                    ],
                    "binary_log_enabled": true,
                    "enabled": true,
                    "location": "",
                    "point_in_time_recovery_enabled": false,
                    "start_time": "23:00",
                    "transaction_log_retention_days": 7
                  }
                ],
                "collation": "",
                "connection_pool_config": [],
                "connector_enforcement": "NOT_REQUIRED",
                "data_cache_config": [
                  {
                    "data_cache_enabled": false
                  }
                ],
                "database_flags": [],
                "deletion_protection_enabled": false,
                "deny_maintenance_period": [],
                "disk_autoresize": true,
                "disk_autoresize_limit": 0,
                "disk_size": 10,
                "disk_type": "PD_SSD",
                "edition": "ENTERPRISE",
                "enable_dataplex_integration": false,
                "enable_google_ml_integration": false,
                "insights_config": [],
                "ip_configuration": [
                  {
                    "allocated_ip_range": "",
                    "authorized_networks": [],
                    "custom_subject_alternative_names": [],
                    "enable_private_path_for_google_cloud_services": false,
                    "ipv4_enabled": false,
                    "private_network": "projects/direct-tribute-463400-f2/global/networks/dr-vpc",
                    "psc_config": [],
                    "server_ca_mode": "GOOGLE_MANAGED_INTERNAL_CA",
                    "server_ca_pool": "",
                    "ssl_mode": "ALLOW_UNENCRYPTED_AND_ENCRYPTED"
                  }
                ],
                "location_preference": [
                  {
                    "follow_gae_application": "",
                    "secondary_zone": "",
                    "zone": "us-central1-c"
                  }
                ],
                "maintenance_window": [],
                "password_validation_policy": [],
                "pricing_plan": "PER_USE",
                "retain_backups_on_delete": false,
                "sql_server_audit_config": [],
                "tier": "db-g1-small",
                "time_zone": "",
                "user_labels": {},
                "version": 5
              }
            ],
            "timeouts": null
          },
          "sensitive_attributes": [
            [
              {
                "type": "get_attr",
                "value": "server_ca_cert"
              }
            ],
            [
              {
                "type": "get_attr",
                "value": "root_password"
              }
            ]
          ],
          "private": "eyJlMmJmYjczMC1lY2FhLTExZTYtOGY4OC0zNDM2M2JjN2M0YzAiOnsiY3JlYXRlIjo1NDAwMDAwMDAwMDAwLCJkZWxldGUiOjU0MDAwMDAwMDAwMDAsInVwZGF0ZSI6NTQwMDAwMDAwMDAwMH19",
          "dependencies": [
            "module.network.google_compute_firewall.allow-ssh",
            "module.network.google_compute_firewall.allow_http",
            "module.network.google_compute_global_address.private_ip_range",
            "module.network.google_compute_network.vpc",
            "module.network.google_compute_route.allow_internet",
            "module.network.google_compute_router.router",
            "module.network.google_compute_router_nat.nat",
            "module.network.google_compute_subnetwork.private_subnet_db",
            "module.network.google_compute_subnetwork.private_subnet_kuber",
            "module.network.google_compute_subnetwork.subnet",
            "module.network.google_service_networking_connection.private_vpc_connection"
          ]
        }
      ]
    },
    {
      "module": "module.db",
      "mode": "managed",
      "type": "google_sql_user",
      "name": "user",
      "provider": "provider[\"registry.terraform.io/hashicorp/google\"]",
      "instances": [
        {
          "schema_version": 1,
          "attributes": {
            "deletion_policy": null,
            "host": "",
            "id": "admin//lovebridge-instance",
            "instance": "lovebridge-instance",
            "name": "admin",
            "password": "1234",
            "password_policy": [],
            "password_wo": null,
            "password_wo_version": null,
            "project": "direct-tribute-463400-f2",
            "sql_server_user_details": [],
            "timeouts": null,
            "type": ""
          },
          "sensitive_attributes": [
            [
              {
                "type": "get_attr",
                "value": "password"
              }
            ]
          ],
          "private": "eyJlMmJmYjczMC1lY2FhLTExZTYtOGY4OC0zNDM2M2JjN2M0YzAiOnsiY3JlYXRlIjo2MDAwMDAwMDAwMDAsImRlbGV0ZSI6NjAwMDAwMDAwMDAwLCJ1cGRhdGUiOjYwMDAwMDAwMDAwMH0sInNjaGVtYV92ZXJzaW9uIjoiMSJ9",
          "dependencies": [
            "module.db.google_sql_database_instance.instance",
            "module.network.google_compute_firewall.allow-ssh",
            "module.network.google_compute_firewall.allow_http",
            "module.network.google_compute_global_address.private_ip_range",
            "module.network.google_compute_network.vpc",
            "module.network.google_compute_route.allow_internet",
            "module.network.google_compute_router.router",
            "module.network.google_compute_router_nat.nat",
            "module.network.google_compute_subnetwork.private_subnet_db",
            "module.network.google_compute_subnetwork.private_subnet_kuber",
            "module.network.google_compute_subnetwork.subnet",
            "module.network.google_service_networking_connection.private_vpc_connection"
          ]
        }
      ]
    },
    {
      "module": "module.db",
      "mode": "managed",
      "type": "null_resource",
      "name": "grant_gcs_to_db_instance_sa",
      "provider": "provider[\"registry.terraform.io/hashicorp/null\"]",
      "instances": [
        {
          "schema_version": 0,
          "attributes": {
            "id": "7024163037878123504",
            "triggers": null
          },
          "sensitive_attributes": [],
          "dependencies": [
            "module.db.google_sql_database_instance.instance",
            "module.network.google_compute_firewall.allow-ssh",
            "module.network.google_compute_firewall.allow_http",
            "module.network.google_compute_global_address.private_ip_range",
            "module.network.google_compute_network.vpc",
            "module.network.google_compute_route.allow_internet",
            "module.network.google_compute_router.router",
            "module.network.google_compute_router_nat.nat",
            "module.network.google_compute_subnetwork.private_subnet_db",
            "module.network.google_compute_subnetwork.private_subnet_kuber",
            "module.network.google_compute_subnetwork.subnet",
            "module.network.google_service_networking_connection.private_vpc_connection"
          ]
        }
      ]
    },
    {
      "module": "module.gke",
      "mode": "managed",
      "type": "google_container_cluster",
      "name": "lovebridge_cluster",
      "provider": "provider[\"registry.terraform.io/hashicorp/google\"]",
      "instances": [
        {
          "schema_version": 2,
          "attributes": {
            "addons_config": [
              {
                "cloudrun_config": [],
                "config_connector_config": [],
                "dns_cache_config": [],
                "gce_persistent_disk_csi_driver_config": [
                  {
                    "enabled": true
                  }
                ],
                "gcp_filestore_csi_driver_config": [],
                "gcs_fuse_csi_driver_config": [],
                "gke_backup_agent_config": [],
                "horizontal_pod_autoscaling": [],
                "http_load_balancing": [],
                "network_policy_config": [
                  {
                    "disabled": true
                  }
                ],
                "parallelstore_csi_driver_config": [],
                "ray_operator_config": [],
                "stateful_ha_config": []
              }
            ],
            "allow_net_admin": null,
            "authenticator_groups_config": [],
            "binary_authorization": [
              {
                "enabled": false,
                "evaluation_mode": ""
              }
            ],
            "cluster_autoscaling": [
              {
                "auto_provisioning_defaults": [],
                "auto_provisioning_locations": [],
                "autoscaling_profile": "BALANCED",
                "enabled": false,
                "resource_limits": []
              }
            ],
            "cluster_ipv4_cidr": "10.40.0.0/14",
            "confidential_nodes": [],
            "control_plane_endpoints_config": [
              {
                "dns_endpoint_config": [
                  {
                    "allow_external_traffic": false,
                    "endpoint": "gke-12cf713300ec4339a23cbd4476bc5de1c85b-245797118829.us-central1.gke.goog"
                  }
                ],
                "ip_endpoints_config": [
                  {
                    "enabled": true
                  }
                ]
              }
            ],
            "cost_management_config": [],
            "database_encryption": [
              {
                "key_name": "",
                "state": "DECRYPTED"
              }
            ],
            "datapath_provider": "",
            "default_max_pods_per_node": 110,
            "default_snat_status": [
              {
                "disabled": false
              }
            ],
            "deletion_protection": false,
            "description": "",
            "disable_l4_lb_firewall_reconciliation": false,
            "dns_config": [],
            "effective_labels": {
              "goog-terraform-provisioned": "true"
            },
            "enable_autopilot": false,
            "enable_cilium_clusterwide_network_policy": false,
            "enable_fqdn_network_policy": false,
            "enable_intranode_visibility": false,
            "enable_k8s_beta_apis": [],
            "enable_kubernetes_alpha": false,
            "enable_l4_ilb_subsetting": false,
            "enable_legacy_abac": false,
            "enable_multi_networking": false,
            "enable_shielded_nodes": true,
            "enable_tpu": false,
            "endpoint": "35.232.102.156",
            "enterprise_config": [
              {
                "cluster_tier": "STANDARD",
                "desired_tier": ""
              }
            ],
            "fleet": [],
            "gateway_api_config": [],
            "id": "projects/direct-tribute-463400-f2/locations/us-central1/clusters/lovebridge-dr-cluster",
            "identity_service_config": [],
            "in_transit_encryption_config": "",
            "initial_node_count": 1,
            "ip_allocation_policy": [
              {
                "additional_pod_ranges_config": [],
                "cluster_ipv4_cidr_block": "10.40.0.0/14",
                "cluster_secondary_range_name": "gke-lovebridge-dr-cluster-pods-12cf7133",
                "pod_cidr_overprovision_config": [
                  {
                    "disabled": false
                  }
                ],
                "services_ipv4_cidr_block": "34.118.224.0/20",
                "services_secondary_range_name": "",
                "stack_type": "IPV4"
              }
            ],
            "label_fingerprint": "78cdf2f6",
            "location": "us-central1",
            "logging_config": [
              {
                "enable_components": [
                  "SYSTEM_COMPONENTS",
                  "WORKLOADS"
                ]
              }
            ],
            "logging_service": "logging.googleapis.com/kubernetes",
            "maintenance_policy": [],
            "master_auth": [
              {
                "client_certificate": "",
                "client_certificate_config": [
                  {
                    "issue_client_certificate": false
                  }
                ],
                "client_key": "",
                "cluster_ca_certificate": "LS0tLS1CRUdJTiBDRVJUSUZJQ0FURS0tLS0tCk1JSUVMVENDQXBXZ0F3SUJBZ0lSQU1ES2lUZ2Q4dzluUkU4WE9ZQkYrMEV3RFFZSktvWklodmNOQVFFTEJRQXcKTHpFdE1Dc0dBMVVFQXhNa1lqUTVNakEzWlRndE56STVOeTAwTW1GbUxXSmlabVF0TkdVeFpqUTVZMkkzTm1RdwpNQ0FYRFRJMU1EY3lNVEF4TkRJd01sb1lEekl3TlRVd056RTBNREkwTWpBeVdqQXZNUzB3S3dZRFZRUURFeVJpCk5Ea3lNRGRsT0MwM01qazNMVFF5WVdZdFltSm1aQzAwWlRGbU5EbGpZamMyWkRBd2dnR2lNQTBHQ1NxR1NJYjMKRFFFQkFRVUFBNElCandBd2dnR0tBb0lCZ1FEbkxjOUNIaDYzZlZmWERaZXFuckU5dU9xTUh1a29MT1ZWTnFvSwpoY3ZXbmFOeGs2SURZNFplbUxJRERjdnd2a2t3b1JDRkcyZ0E0cTNvTXZaRlJRUXhoWE9Eb1FvZWpiY2J6azJGCmx2R3FaMllVYmlWNVU0eGJqMUJRWGNMTmo3VXlyZnN6ZFhhNzA5WVNYWkIxenhJYzFENkcrL1RqekcyMW83QkUKVjhVSTlUZWFjVGVYcUttNG5SQVNaSWtvUnRQaUdqMmxYMGJScDJNNTdvVUcxRHJJc1R6c055WHpQdGVXb3NhQQpybFBWWjhoK0twTkI0TytGbnhJdG9SbU0yTzhaTVdrTE4wM3kvWnRlVjJiTU1iN0k3MHJtZjJMMytHVWg5MG9wCkRvd1QzeEhVTzhWTmFUYnd4UC9hOWZONmpPMENYNkFFamx0T2IrNlFjSE9mUUN3cVRNZmxvL0h1Q2RHMkcwN1kKcVJhSW5adUliS01DMW81NHZpNTFSL2M2RXdxSTJhY3lMbHg4RTFPZzNhdWFCZGF4U05lZFB0b0RRc2pidGxlNApYcTdOT2FxUEtUNCtVSm5TZkhnRzkxU0pQZXF4eDVaZkx3cVVETjM5RHUrTUJ3VmkycEJLV0JnMWxjeTVCZGw2CjhXRzE5SWZNK1BYNGtXckNQQlpHYkphdzdTTUNBd0VBQWFOQ01FQXdEZ1lEVlIwUEFRSC9CQVFEQWdJRU1BOEcKQTFVZEV3RUIvd1FGTUFNQkFmOHdIUVlEVlIwT0JCWUVGRUVjVCttU2VMVE9QUEhxN3JweXd2dFkwU0lRTUEwRwpDU3FHU0liM0RRRUJDd1VBQTRJQmdRQlVHVkphNWhVOXVJdDdzalVoeEZrdUZKOEVsUzQ5ZjhmRStVeTlmakduCm5qSWd5cy8rc1FCanZDR3YyWVRkUys0ZFBZTVIrb0lQaUREVUJWQ1B1OG9pSERIVlcvN0xvaHhpUXJFWnV3LzkKanZPZVE5R1Z6T2NTbWtZcDdEV1Q3UmRmRmg2YTZ3Vk40bUZURktGeDZ3RlVaYXlFNnhETUNMZjNGdy93SXd1QgovaHdUckE2eDVQRE5yWWYyL0NPcXZZK1poTk96N0ZyZWFBcVQrN1NDVVFLMHRqbFZpK0cwYUJGbEVFejZqMDEzCmwvbWdReUtFdHhFZU5sV0UwbXpERnl4K3FnZXY2dFFwb25YVnFNRlhja0lPdkZ0MGc1SG12RHZwREI3U3FwR0EKMDAzZFF2K3JqbzljRGpLQjNkdXM1OUFLVXZkMG1JR2x4dVZDaGNsQWdocVNudUNITFh4Q1ZaM2dvWWx4T0FDYQpjTzFET3VNUE5keXh6dEROL1hDU0xHWWVwS1ZmZjFYUGJyeVAxZ1dpdk12eEhOVEl1aTZUVDJJaE9lVnpHYjN3ClVjZmcvSjhSdUV0LzR1dDZTRFNtODRRclRrWVgxZ1YvMWJkSmpNc0VXNm1FdVo5THMwQmgvZ24vdTE4S2txZm4KS3o5RWg5dWYyYmhzYVc3YS95eTJ4dU09Ci0tLS0tRU5EIENFUlRJRklDQVRFLS0tLS0K"
              }
            ],
            "master_authorized_networks_config": [],
            "master_version": "1.32.4-gke.1415000",
            "mesh_certificates": [],
            "min_master_version": null,
            "monitoring_config": [
              {
                "advanced_datapath_observability_config": [
                  {
                    "enable_metrics": false,
                    "enable_relay": false
                  }
                ],
                "enable_components": [
                  "SYSTEM_COMPONENTS",
                  "HPA",
                  "POD",
                  "DAEMONSET",
                  "DEPLOYMENT",
                  "STATEFULSET",
                  "JOBSET",
                  "STORAGE",
                  "KUBELET",
                  "CADVISOR",
                  "DCGM"
                ],
                "managed_prometheus": [
                  {
                    "auto_monitoring_config": [],
                    "enabled": true
                  }
                ]
              }
            ],
            "monitoring_service": "monitoring.googleapis.com/kubernetes",
            "name": "lovebridge-dr-cluster",
            "network": "projects/direct-tribute-463400-f2/global/networks/dr-vpc",
            "network_performance_config": [],
            "network_policy": [
              {
                "enabled": false,
                "provider": "PROVIDER_UNSPECIFIED"
              }
            ],
            "networking_mode": "VPC_NATIVE",
            "node_config": [
              {
                "advanced_machine_features": [],
                "boot_disk_kms_key": "",
                "confidential_nodes": [],
                "containerd_config": [],
                "disk_size_gb": 30,
                "disk_type": "pd-standard",
                "effective_taints": [],
                "enable_confidential_storage": false,
                "ephemeral_storage_local_ssd_config": [],
                "fast_socket": [],
                "flex_start": false,
                "gcfs_config": [],
                "guest_accelerator": [],
                "gvnic": [],
                "host_maintenance_policy": [],
                "image_type": "COS_CONTAINERD",
                "kubelet_config": [
                  {
                    "allowed_unsafe_sysctls": [],
                    "container_log_max_files": 0,
                    "container_log_max_size": "",
                    "cpu_cfs_quota": false,
                    "cpu_cfs_quota_period": "",
                    "cpu_manager_policy": "",
                    "image_gc_high_threshold_percent": 0,
                    "image_gc_low_threshold_percent": 0,
                    "image_maximum_gc_age": "",
                    "image_minimum_gc_age": "",
                    "insecure_kubelet_readonly_port_enabled": "FALSE",
                    "pod_pids_limit": 0
                  }
                ],
                "labels": {},
                "linux_node_config": [],
                "local_nvme_ssd_block_config": [],
                "local_ssd_count": 0,
                "local_ssd_encryption_mode": "",
                "logging_variant": "DEFAULT",
                "machine_type": "e2-standard-2",
                "max_run_duration": "",
                "metadata": {
                  "disable-legacy-endpoints": "true"
                },
                "min_cpu_platform": "",
                "node_group": "",
                "oauth_scopes": [
                  "https://www.googleapis.com/auth/cloud-platform"
                ],
                "preemptible": false,
                "reservation_affinity": [],
                "resource_labels": {
                  "goog-gke-node-pool-provisioning-model": "on-demand"
                },
                "resource_manager_tags": {},
                "secondary_boot_disks": [],
                "service_account": "default",
                "shielded_instance_config": [
                  {
                    "enable_integrity_monitoring": true,
                    "enable_secure_boot": false
                  }
                ],
                "sole_tenant_config": [],
                "spot": false,
                "storage_pools": [],
                "tags": [],
                "taint": [],
                "windows_node_config": [
                  {
                    "osversion": ""
                  }
                ],
                "workload_metadata_config": [
                  {
                    "mode": "GKE_METADATA"
                  }
                ]
              }
            ],
            "node_locations": [
              "us-central1-a",
              "us-central1-b",
              "us-central1-c"
            ],
            "node_pool": [
              {
                "autoscaling": [],
                "initial_node_count": 2,
                "instance_group_urls": [
                  "https://www.googleapis.com/compute/v1/projects/direct-tribute-463400-f2/zones/us-central1-a/instanceGroupManagers/gke-lovebridge-dr-cl-primary-node-poo-a1352ca3-grp",
                  "https://www.googleapis.com/compute/v1/projects/direct-tribute-463400-f2/zones/us-central1-b/instanceGroupManagers/gke-lovebridge-dr-cl-primary-node-poo-c28c9a09-grp",
                  "https://www.googleapis.com/compute/v1/projects/direct-tribute-463400-f2/zones/us-central1-c/instanceGroupManagers/gke-lovebridge-dr-cl-primary-node-poo-bb46c741-grp"
                ],
                "managed_instance_group_urls": [
                  "https://www.googleapis.com/compute/v1/projects/direct-tribute-463400-f2/zones/us-central1-a/instanceGroups/gke-lovebridge-dr-cl-primary-node-poo-a1352ca3-grp",
                  "https://www.googleapis.com/compute/v1/projects/direct-tribute-463400-f2/zones/us-central1-b/instanceGroups/gke-lovebridge-dr-cl-primary-node-poo-c28c9a09-grp",
                  "https://www.googleapis.com/compute/v1/projects/direct-tribute-463400-f2/zones/us-central1-c/instanceGroups/gke-lovebridge-dr-cl-primary-node-poo-bb46c741-grp"
                ],
                "management": [
                  {
                    "auto_repair": true,
                    "auto_upgrade": true
                  }
                ],
                "max_pods_per_node": 110,
                "name": "primary-node-pool",
                "name_prefix": "",
                "network_config": [
                  {
                    "additional_node_network_configs": [],
                    "additional_pod_network_configs": [],
                    "create_pod_range": false,
                    "enable_private_nodes": false,
                    "network_performance_config": [],
                    "pod_cidr_overprovision_config": [],
                    "pod_ipv4_cidr_block": "10.40.0.0/14",
                    "pod_range": "gke-lovebridge-dr-cluster-pods-12cf7133"
                  }
                ],
                "node_config": [
                  {
                    "advanced_machine_features": [],
                    "boot_disk_kms_key": "",
                    "confidential_nodes": [],
                    "containerd_config": [],
                    "disk_size_gb": 30,
                    "disk_type": "pd-standard",
                    "effective_taints": [],
                    "enable_confidential_storage": false,
                    "ephemeral_storage_local_ssd_config": [],
                    "fast_socket": [],
                    "flex_start": false,
                    "gcfs_config": [],
                    "guest_accelerator": [],
                    "gvnic": [],
                    "host_maintenance_policy": [],
                    "image_type": "COS_CONTAINERD",
                    "kubelet_config": [
                      {
                        "allowed_unsafe_sysctls": [],
                        "container_log_max_files": 0,
                        "container_log_max_size": "",
                        "cpu_cfs_quota": false,
                        "cpu_cfs_quota_period": "",
                        "cpu_manager_policy": "",
                        "image_gc_high_threshold_percent": 0,
                        "image_gc_low_threshold_percent": 0,
                        "image_maximum_gc_age": "",
                        "image_minimum_gc_age": "",
                        "insecure_kubelet_readonly_port_enabled": "FALSE",
                        "pod_pids_limit": 0
                      }
                    ],
                    "labels": {},
                    "linux_node_config": [],
                    "local_nvme_ssd_block_config": [],
                    "local_ssd_count": 0,
                    "local_ssd_encryption_mode": "",
                    "logging_variant": "DEFAULT",
                    "machine_type": "e2-standard-2",
                    "max_run_duration": "",
                    "metadata": {
                      "disable-legacy-endpoints": "true"
                    },
                    "min_cpu_platform": "",
                    "node_group": "",
                    "oauth_scopes": [
                      "https://www.googleapis.com/auth/cloud-platform"
                    ],
                    "preemptible": false,
                    "reservation_affinity": [],
                    "resource_labels": {
                      "goog-gke-node-pool-provisioning-model": "on-demand"
                    },
                    "resource_manager_tags": {},
                    "secondary_boot_disks": [],
                    "service_account": "default",
                    "shielded_instance_config": [
                      {
                        "enable_integrity_monitoring": true,
                        "enable_secure_boot": false
                      }
                    ],
                    "sole_tenant_config": [],
                    "spot": false,
                    "storage_pools": [],
                    "tags": [],
                    "taint": [],
                    "windows_node_config": [
                      {
                        "osversion": ""
                      }
                    ],
                    "workload_metadata_config": [
                      {
                        "mode": "GKE_METADATA"
                      }
                    ]
                  }
                ],
                "node_count": 2,
                "node_locations": [
                  "us-central1-a",
                  "us-central1-b",
                  "us-central1-c"
                ],
                "placement_policy": [],
                "queued_provisioning": [],
                "upgrade_settings": [
                  {
                    "blue_green_settings": [],
                    "max_surge": 1,
                    "max_unavailable": 0,
                    "strategy": "SURGE"
                  }
                ],
                "version": "1.32.4-gke.1415000"
              }
            ],
            "node_pool_auto_config": [
              {
                "linux_node_config": [],
                "network_tags": [],
                "node_kubelet_config": [
                  {
                    "insecure_kubelet_readonly_port_enabled": "FALSE"
                  }
                ],
                "resource_manager_tags": {}
              }
            ],
            "node_pool_defaults": [
              {
                "node_config_defaults": [
                  {
                    "containerd_config": [],
                    "gcfs_config": [],
                    "insecure_kubelet_readonly_port_enabled": "FALSE",
                    "logging_variant": "DEFAULT"
                  }
                ]
              }
            ],
            "node_version": "1.32.4-gke.1415000",
            "notification_config": [
              {
                "pubsub": [
                  {
                    "enabled": false,
                    "filter": [],
                    "topic": ""
                  }
                ]
              }
            ],
            "operation": null,
            "pod_autoscaling": [
              {
                "hpa_profile": "HPA_PROFILE_UNSPECIFIED"
              }
            ],
            "private_cluster_config": [
              {
                "enable_private_endpoint": false,
                "enable_private_nodes": false,
                "master_global_access_config": [
                  {
                    "enabled": false
                  }
                ],
                "master_ipv4_cidr_block": "",
                "peering_name": "",
                "private_endpoint": "10.0.0.3",
                "private_endpoint_subnetwork": "",
                "public_endpoint": "35.232.102.156"
              }
            ],
            "private_ipv6_google_access": "",
            "project": "direct-tribute-463400-f2",
            "release_channel": [
              {
                "channel": "REGULAR"
              }
            ],
            "remove_default_node_pool": true,
            "resource_labels": {},
            "resource_usage_export_config": [],
            "secret_manager_config": [
              {
                "enabled": false
              }
            ],
            "security_posture_config": [
              {
                "mode": "BASIC",
                "vulnerability_mode": "VULNERABILITY_MODE_UNSPECIFIED"
              }
            ],
            "self_link": "https://container.googleapis.com/v1/projects/direct-tribute-463400-f2/locations/us-central1/clusters/lovebridge-dr-cluster",
            "service_external_ips_config": [
              {
                "enabled": false
              }
            ],
            "services_ipv4_cidr": "34.118.224.0/20",
            "subnetwork": "projects/direct-tribute-463400-f2/regions/us-central1/subnetworks/dr-subnet",
            "terraform_labels": {
              "goog-terraform-provisioned": "true"
            },
            "timeouts": null,
            "tpu_ipv4_cidr_block": "",
            "user_managed_keys_config": [],
            "vertical_pod_autoscaling": [],
            "workload_identity_config": [
              {
                "workload_pool": "direct-tribute-463400-f2.svc.id.goog"
              }
            ]
          },
          "sensitive_attributes": [
            [
              {
                "type": "get_attr",
                "value": "master_auth"
              },
              {
                "type": "index",
                "value": {
                  "value": 0,
                  "type": "number"
                }
              },
              {
                "type": "get_attr",
                "value": "client_key"
              }
            ]
          ],
          "private": "eyJlMmJmYjczMC1lY2FhLTExZTYtOGY4OC0zNDM2M2JjN2M0YzAiOnsiY3JlYXRlIjoyNDAwMDAwMDAwMDAwLCJkZWxldGUiOjI0MDAwMDAwMDAwMDAsInJlYWQiOjI0MDAwMDAwMDAwMDAsInVwZGF0ZSI6MzYwMDAwMDAwMDAwMH0sInNjaGVtYV92ZXJzaW9uIjoiMiJ9",
          "dependencies": [
            "module.network.google_compute_network.vpc",
            "module.network.google_compute_subnetwork.subnet"
          ]
        }
      ]
    },
    {
      "module": "module.gke",
      "mode": "managed",
      "type": "google_container_node_pool",
      "name": "primary_nodes",
      "provider": "provider[\"registry.terraform.io/hashicorp/google\"]",
      "instances": [
        {
          "schema_version": 1,
          "attributes": {
            "autoscaling": [],
            "cluster": "lovebridge-dr-cluster",
            "id": "projects/direct-tribute-463400-f2/locations/us-central1/clusters/lovebridge-dr-cluster/nodePools/primary-node-pool",
            "initial_node_count": 2,
            "instance_group_urls": [
              "https://www.googleapis.com/compute/v1/projects/direct-tribute-463400-f2/zones/us-central1-a/instanceGroupManagers/gke-lovebridge-dr-cl-primary-node-poo-a1352ca3-grp",
              "https://www.googleapis.com/compute/v1/projects/direct-tribute-463400-f2/zones/us-central1-b/instanceGroupManagers/gke-lovebridge-dr-cl-primary-node-poo-c28c9a09-grp",
              "https://www.googleapis.com/compute/v1/projects/direct-tribute-463400-f2/zones/us-central1-c/instanceGroupManagers/gke-lovebridge-dr-cl-primary-node-poo-bb46c741-grp"
            ],
            "location": "us-central1",
            "managed_instance_group_urls": [
              "https://www.googleapis.com/compute/v1/projects/direct-tribute-463400-f2/zones/us-central1-a/instanceGroups/gke-lovebridge-dr-cl-primary-node-poo-a1352ca3-grp",
              "https://www.googleapis.com/compute/v1/projects/direct-tribute-463400-f2/zones/us-central1-b/instanceGroups/gke-lovebridge-dr-cl-primary-node-poo-c28c9a09-grp",
              "https://www.googleapis.com/compute/v1/projects/direct-tribute-463400-f2/zones/us-central1-c/instanceGroups/gke-lovebridge-dr-cl-primary-node-poo-bb46c741-grp"
            ],
            "management": [
              {
                "auto_repair": true,
                "auto_upgrade": true
              }
            ],
            "max_pods_per_node": 110,
            "name": "primary-node-pool",
            "name_prefix": "",
            "network_config": [
              {
                "additional_node_network_configs": [],
                "additional_pod_network_configs": [],
                "create_pod_range": false,
                "enable_private_nodes": false,
                "network_performance_config": [],
                "pod_cidr_overprovision_config": [],
                "pod_ipv4_cidr_block": "10.40.0.0/14",
                "pod_range": "gke-lovebridge-dr-cluster-pods-12cf7133"
              }
            ],
            "node_config": [
              {
                "advanced_machine_features": [],
                "boot_disk_kms_key": "",
                "confidential_nodes": [],
                "containerd_config": [],
                "disk_size_gb": 30,
                "disk_type": "pd-standard",
                "effective_taints": [],
                "enable_confidential_storage": false,
                "ephemeral_storage_local_ssd_config": [],
                "fast_socket": [],
                "flex_start": false,
                "gcfs_config": [],
                "guest_accelerator": [],
                "gvnic": [],
                "host_maintenance_policy": [],
                "image_type": "COS_CONTAINERD",
                "kubelet_config": [
                  {
                    "allowed_unsafe_sysctls": [],
                    "container_log_max_files": 0,
                    "container_log_max_size": "",
                    "cpu_cfs_quota": false,
                    "cpu_cfs_quota_period": "",
                    "cpu_manager_policy": "",
                    "image_gc_high_threshold_percent": 0,
                    "image_gc_low_threshold_percent": 0,
                    "image_maximum_gc_age": "",
                    "image_minimum_gc_age": "",
                    "insecure_kubelet_readonly_port_enabled": "FALSE",
                    "pod_pids_limit": 0
                  }
                ],
                "labels": {},
                "linux_node_config": [],
                "local_nvme_ssd_block_config": [],
                "local_ssd_count": 0,
                "local_ssd_encryption_mode": "",
                "logging_variant": "DEFAULT",
                "machine_type": "e2-standard-2",
                "max_run_duration": "",
                "metadata": {
                  "disable-legacy-endpoints": "true"
                },
                "min_cpu_platform": "",
                "node_group": "",
                "oauth_scopes": [
                  "https://www.googleapis.com/auth/cloud-platform"
                ],
                "preemptible": false,
                "reservation_affinity": [],
                "resource_labels": {
                  "goog-gke-node-pool-provisioning-model": "on-demand"
                },
                "resource_manager_tags": {},
                "secondary_boot_disks": [],
                "service_account": "default",
                "shielded_instance_config": [
                  {
                    "enable_integrity_monitoring": true,
                    "enable_secure_boot": false
                  }
                ],
                "sole_tenant_config": [],
                "spot": false,
                "storage_pools": [],
                "tags": [],
                "taint": [],
                "windows_node_config": [
                  {
                    "osversion": ""
                  }
                ],
                "workload_metadata_config": [
                  {
                    "mode": "GKE_METADATA"
                  }
                ]
              }
            ],
            "node_count": 2,
            "node_locations": [
              "us-central1-a",
              "us-central1-b",
              "us-central1-c"
            ],
            "operation": null,
            "placement_policy": [],
            "project": "direct-tribute-463400-f2",
            "queued_provisioning": [],
            "timeouts": null,
            "upgrade_settings": [
              {
                "blue_green_settings": [],
                "max_surge": 1,
                "max_unavailable": 0,
                "strategy": "SURGE"
              }
            ],
            "version": "1.32.4-gke.1415000"
          },
          "sensitive_attributes": [],
          "private": "eyJlMmJmYjczMC1lY2FhLTExZTYtOGY4OC0zNDM2M2JjN2M0YzAiOnsiY3JlYXRlIjoxODAwMDAwMDAwMDAwLCJkZWxldGUiOjE4MDAwMDAwMDAwMDAsInVwZGF0ZSI6MTgwMDAwMDAwMDAwMH0sInNjaGVtYV92ZXJzaW9uIjoiMSJ9",
          "dependencies": [
            "module.gke.google_container_cluster.lovebridge_cluster",
            "module.network.google_compute_network.vpc",
            "module.network.google_compute_subnetwork.subnet"
          ]
        }
      ]
    },
    {
      "module": "module.monitor",
      "mode": "managed",
      "type": "google_project_iam_member",
      "name": "monitoring_editor",
      "provider": "provider[\"registry.terraform.io/hashicorp/google\"]",
      "instances": [
        {
          "schema_version": 0,
          "attributes": {
            "condition": [],
            "etag": "BwY6Z2uwc9Y=",
            "id": "direct-tribute-463400-f2/roles/monitoring.editor/serviceAccount:gcp-monitoring-exporter@direct-tribute-463400-f2.iam.gserviceaccount.com",
            "member": "serviceAccount:gcp-monitoring-exporter@direct-tribute-463400-f2.iam.gserviceaccount.com",
            "project": "direct-tribute-463400-f2",
            "role": "roles/monitoring.editor"
          },
          "sensitive_attributes": [],
          "private": "bnVsbA==",
          "dependencies": [
            "module.monitor.google_service_account.gcp_monitoring_sa"
          ]
        }
      ]
    },
    {
      "module": "module.monitor",
      "mode": "managed",
      "type": "google_project_iam_member",
      "name": "monitoring_viewer",
      "provider": "provider[\"registry.terraform.io/hashicorp/google\"]",
      "instances": [
        {
          "schema_version": 0,
          "attributes": {
            "condition": [],
            "etag": "BwY6Z2uwc9Y=",
            "id": "direct-tribute-463400-f2/roles/monitoring.viewer/serviceAccount:gcp-monitoring-exporter@direct-tribute-463400-f2.iam.gserviceaccount.com",
            "member": "serviceAccount:gcp-monitoring-exporter@direct-tribute-463400-f2.iam.gserviceaccount.com",
            "project": "direct-tribute-463400-f2",
            "role": "roles/monitoring.viewer"
          },
          "sensitive_attributes": [],
          "private": "bnVsbA==",
          "dependencies": [
            "module.monitor.google_service_account.gcp_monitoring_sa"
          ]
        }
      ]
    },
    {
      "module": "module.monitor",
      "mode": "managed",
      "type": "google_service_account",
      "name": "gcp_monitoring_sa",
      "provider": "provider[\"registry.terraform.io/hashicorp/google\"]",
      "instances": [
        {
          "schema_version": 0,
          "attributes": {
            "account_id": "gcp-monitoring-exporter",
            "create_ignore_already_exists": null,
            "description": "",
            "disabled": false,
            "display_name": "Prometheus Stackdriver Exporter",
            "email": "gcp-monitoring-exporter@direct-tribute-463400-f2.iam.gserviceaccount.com",
            "id": "projects/direct-tribute-463400-f2/serviceAccounts/gcp-monitoring-exporter@direct-tribute-463400-f2.iam.gserviceaccount.com",
            "member": "serviceAccount:gcp-monitoring-exporter@direct-tribute-463400-f2.iam.gserviceaccount.com",
            "name": "projects/direct-tribute-463400-f2/serviceAccounts/gcp-monitoring-exporter@direct-tribute-463400-f2.iam.gserviceaccount.com",
            "project": "direct-tribute-463400-f2",
            "timeouts": null,
            "unique_id": "113244323308557721031"
          },
          "sensitive_attributes": [],
          "private": "eyJlMmJmYjczMC1lY2FhLTExZTYtOGY4OC0zNDM2M2JjN2M0YzAiOnsiY3JlYXRlIjozMDAwMDAwMDAwMDB9fQ=="
        }
      ]
    },
    {
      "module": "module.monitor",
      "mode": "managed",
      "type": "google_service_account_iam_member",
      "name": "workload_identity_binding",
      "provider": "provider[\"registry.terraform.io/hashicorp/google\"]",
      "instances": [
        {
          "schema_version": 0,
          "attributes": {
            "condition": [],
            "etag": "BwY6Z2t6cQA=",
            "id": "projects/direct-tribute-463400-f2/serviceAccounts/gcp-monitoring-exporter@direct-tribute-463400-f2.iam.gserviceaccount.com/roles/iam.workloadIdentityUser/serviceAccount:direct-tribute-463400-f2.svc.id.goog[default/gcp-monitoring-exporter-sa]",
            "member": "serviceAccount:direct-tribute-463400-f2.svc.id.goog[default/gcp-monitoring-exporter-sa]",
            "role": "roles/iam.workloadIdentityUser",
            "service_account_id": "projects/direct-tribute-463400-f2/serviceAccounts/gcp-monitoring-exporter@direct-tribute-463400-f2.iam.gserviceaccount.com"
          },
          "sensitive_attributes": [],
          "private": "bnVsbA==",
          "dependencies": [
            "module.monitor.google_service_account.gcp_monitoring_sa"
          ]
        }
      ]
    },
    {
      "module": "module.network",
      "mode": "managed",
      "type": "google_compute_firewall",
      "name": "allow-ssh",
      "provider": "provider[\"registry.terraform.io/hashicorp/google\"]",
      "instances": [
        {
          "schema_version": 1,
          "attributes": {
            "allow": [
              {
                "ports": [
                  "22"
                ],
                "protocol": "tcp"
              }
            ],
            "creation_timestamp": "2025-07-20T19:41:45.829-07:00",
            "deny": [],
            "description": "",
            "destination_ranges": [],
            "direction": "INGRESS",
            "disabled": false,
            "enable_logging": null,
            "id": "projects/direct-tribute-463400-f2/global/firewalls/allow-ssh",
            "log_config": [],
            "name": "allow-ssh",
            "network": "https://www.googleapis.com/compute/v1/projects/direct-tribute-463400-f2/global/networks/dr-vpc",
            "priority": 1000,
            "project": "direct-tribute-463400-f2",
            "self_link": "https://www.googleapis.com/compute/v1/projects/direct-tribute-463400-f2/global/firewalls/allow-ssh",
            "source_ranges": [
              "0.0.0.0/0"
            ],
            "source_service_accounts": [],
            "source_tags": [],
            "target_service_accounts": [],
            "target_tags": [
              "allow-ssh"
            ],
            "timeouts": null
          },
          "sensitive_attributes": [],
          "private": "eyJlMmJmYjczMC1lY2FhLTExZTYtOGY4OC0zNDM2M2JjN2M0YzAiOnsiY3JlYXRlIjoxMjAwMDAwMDAwMDAwLCJkZWxldGUiOjEyMDAwMDAwMDAwMDAsInVwZGF0ZSI6MTIwMDAwMDAwMDAwMH0sInNjaGVtYV92ZXJzaW9uIjoiMSJ9",
          "dependencies": [
            "module.network.google_compute_network.vpc"
          ]
        }
      ]
    },
    {
      "module": "module.network",
      "mode": "managed",
      "type": "google_compute_firewall",
      "name": "allow_http",
      "provider": "provider[\"registry.terraform.io/hashicorp/google\"]",
      "instances": [
        {
          "schema_version": 1,
          "attributes": {
            "allow": [
              {
                "ports": [
                  "80",
                  "8080"
                ],
                "protocol": "tcp"
              }
            ],
            "creation_timestamp": "2025-07-20T19:41:45.869-07:00",
            "deny": [],
            "description": "",
            "destination_ranges": [],
            "direction": "INGRESS",
            "disabled": false,
            "enable_logging": null,
            "id": "projects/direct-tribute-463400-f2/global/firewalls/allow-http",
            "log_config": [],
            "name": "allow-http",
            "network": "https://www.googleapis.com/compute/v1/projects/direct-tribute-463400-f2/global/networks/dr-vpc",
            "priority": 1000,
            "project": "direct-tribute-463400-f2",
            "self_link": "https://www.googleapis.com/compute/v1/projects/direct-tribute-463400-f2/global/firewalls/allow-http",
            "source_ranges": [
              "0.0.0.0/0"
            ],
            "source_service_accounts": [],
            "source_tags": [],
            "target_service_accounts": [],
            "target_tags": [],
            "timeouts": null
          },
          "sensitive_attributes": [],
          "private": "eyJlMmJmYjczMC1lY2FhLTExZTYtOGY4OC0zNDM2M2JjN2M0YzAiOnsiY3JlYXRlIjoxMjAwMDAwMDAwMDAwLCJkZWxldGUiOjEyMDAwMDAwMDAwMDAsInVwZGF0ZSI6MTIwMDAwMDAwMDAwMH0sInNjaGVtYV92ZXJzaW9uIjoiMSJ9",
          "dependencies": [
            "module.network.google_compute_network.vpc"
          ]
        }
      ]
    },
    {
      "module": "module.network",
      "mode": "managed",
      "type": "google_compute_global_address",
      "name": "private_ip_range",
      "provider": "provider[\"registry.terraform.io/hashicorp/google\"]",
      "instances": [
        {
          "schema_version": 0,
          "attributes": {
            "address": "10.163.0.0",
            "address_type": "INTERNAL",
            "creation_timestamp": "2025-07-20T19:41:51.593-07:00",
            "description": "",
            "effective_labels": {
              "goog-terraform-provisioned": "true"
            },
            "id": "projects/direct-tribute-463400-f2/global/addresses/sql-private-range",
            "ip_version": "",
            "label_fingerprint": "vezUS-42LLM=",
            "labels": {},
            "name": "sql-private-range",
            "network": "https://www.googleapis.com/compute/v1/projects/direct-tribute-463400-f2/global/networks/dr-vpc",
            "prefix_length": 16,
            "project": "direct-tribute-463400-f2",
            "purpose": "VPC_PEERING",
            "self_link": "https://www.googleapis.com/compute/v1/projects/direct-tribute-463400-f2/global/addresses/sql-private-range",
            "terraform_labels": {
              "goog-terraform-provisioned": "true"
            },
            "timeouts": null
          },
          "sensitive_attributes": [],
          "private": "eyJlMmJmYjczMC1lY2FhLTExZTYtOGY4OC0zNDM2M2JjN2M0YzAiOnsiY3JlYXRlIjoxMjAwMDAwMDAwMDAwLCJkZWxldGUiOjEyMDAwMDAwMDAwMDAsInVwZGF0ZSI6MTIwMDAwMDAwMDAwMH19",
          "dependencies": [
            "module.network.google_compute_network.vpc"
          ]
        }
      ]
    },
    {
      "module": "module.network",
      "mode": "managed",
      "type": "google_compute_network",
      "name": "vpc",
      "provider": "provider[\"registry.terraform.io/hashicorp/google\"]",
      "instances": [
        {
          "schema_version": 0,
          "attributes": {
            "auto_create_subnetworks": false,
            "bgp_always_compare_med": false,
            "bgp_best_path_selection_mode": "LEGACY",
            "bgp_inter_region_cost": "",
            "delete_default_routes_on_create": false,
            "description": "",
            "enable_ula_internal_ipv6": false,
            "gateway_ipv4": "",
            "id": "projects/direct-tribute-463400-f2/global/networks/dr-vpc",
            "internal_ipv6_range": "",
            "mtu": 0,
            "name": "dr-vpc",
            "network_firewall_policy_enforcement_order": "AFTER_CLASSIC_FIREWALL",
            "network_id": "887059265365861600",
            "network_profile": "",
            "numeric_id": "887059265365861600",
            "project": "direct-tribute-463400-f2",
            "routing_mode": "REGIONAL",
            "self_link": "https://www.googleapis.com/compute/v1/projects/direct-tribute-463400-f2/global/networks/dr-vpc",
            "timeouts": null
          },
          "sensitive_attributes": [],
          "private": "eyJlMmJmYjczMC1lY2FhLTExZTYtOGY4OC0zNDM2M2JjN2M0YzAiOnsiY3JlYXRlIjoxMjAwMDAwMDAwMDAwLCJkZWxldGUiOjEyMDAwMDAwMDAwMDAsInVwZGF0ZSI6MTIwMDAwMDAwMDAwMH19"
        }
      ]
    },
    {
      "module": "module.network",
      "mode": "managed",
      "type": "google_compute_route",
      "name": "allow_internet",
      "provider": "provider[\"registry.terraform.io/hashicorp/google\"]",
      "instances": [
        {
          "schema_version": 0,
          "attributes": {
            "as_paths": [],
            "creation_timestamp": "2025-07-20T19:41:45.738-07:00",
            "description": "",
            "dest_range": "0.0.0.0/0",
            "id": "projects/direct-tribute-463400-f2/global/routes/dr-vpc-allow-internet",
            "name": "dr-vpc-allow-internet",
            "network": "https://www.googleapis.com/compute/v1/projects/direct-tribute-463400-f2/global/networks/dr-vpc",
            "next_hop_gateway": "https://www.googleapis.com/compute/v1/projects/direct-tribute-463400-f2/global/gateways/default-internet-gateway",
            "next_hop_hub": "",
            "next_hop_ilb": "",
            "next_hop_instance": "",
            "next_hop_instance_zone": null,
            "next_hop_inter_region_cost": "",
            "next_hop_ip": "",
            "next_hop_med": "",
            "next_hop_network": "",
            "next_hop_origin": "",
            "next_hop_peering": "",
            "next_hop_vpn_tunnel": "",
            "priority": 1000,
            "project": "direct-tribute-463400-f2",
            "route_status": "",
            "route_type": "",
            "self_link": "https://www.googleapis.com/compute/v1/projects/direct-tribute-463400-f2/global/routes/dr-vpc-allow-internet",
            "tags": [],
            "timeouts": null,
            "warnings": []
          },
          "sensitive_attributes": [],
          "private": "eyJlMmJmYjczMC1lY2FhLTExZTYtOGY4OC0zNDM2M2JjN2M0YzAiOnsiY3JlYXRlIjoxMjAwMDAwMDAwMDAwLCJkZWxldGUiOjEyMDAwMDAwMDAwMDB9fQ==",
          "dependencies": [
            "module.network.google_compute_network.vpc"
          ]
        }
      ]
    },
    {
      "module": "module.network",
      "mode": "managed",
      "type": "google_compute_router",
      "name": "router",
      "provider": "provider[\"registry.terraform.io/hashicorp/google\"]",
      "instances": [
        {
          "schema_version": 0,
          "attributes": {
            "bgp": [],
            "creation_timestamp": "2025-07-20T19:41:58.418-07:00",
            "description": "",
            "encrypted_interconnect_router": false,
            "id": "projects/direct-tribute-463400-f2/regions/us-central1/routers/dr-vpc-router",
            "md5_authentication_keys": [],
            "name": "dr-vpc-router",
            "network": "https://www.googleapis.com/compute/v1/projects/direct-tribute-463400-f2/global/networks/dr-vpc",
            "project": "direct-tribute-463400-f2",
            "region": "us-central1",
            "self_link": "https://www.googleapis.com/compute/v1/projects/direct-tribute-463400-f2/regions/us-central1/routers/dr-vpc-router",
            "timeouts": null
          },
          "sensitive_attributes": [],
          "private": "eyJlMmJmYjczMC1lY2FhLTExZTYtOGY4OC0zNDM2M2JjN2M0YzAiOnsiY3JlYXRlIjoxMjAwMDAwMDAwMDAwLCJkZWxldGUiOjEyMDAwMDAwMDAwMDAsInVwZGF0ZSI6MTIwMDAwMDAwMDAwMH19",
          "dependencies": [
            "module.network.google_compute_network.vpc"
          ]
        }
      ]
    },
    {
      "module": "module.network",
      "mode": "managed",
      "type": "google_compute_router_nat",
      "name": "nat",
      "provider": "provider[\"registry.terraform.io/hashicorp/google\"]",
      "instances": [
        {
          "schema_version": 0,
          "attributes": {
            "auto_network_tier": null,
            "drain_nat_ips": [],
            "enable_dynamic_port_allocation": false,
            "enable_endpoint_independent_mapping": false,
            "endpoint_types": [
              "ENDPOINT_TYPE_VM"
            ],
            "icmp_idle_timeout_sec": 30,
            "id": "direct-tribute-463400-f2/us-central1/dr-vpc-router/dr-vpc-nat",
            "initial_nat_ips": null,
            "log_config": [],
            "max_ports_per_vm": 0,
            "min_ports_per_vm": 0,
            "name": "dr-vpc-nat",
            "nat64_subnetwork": [],
            "nat_ip_allocate_option": "AUTO_ONLY",
            "nat_ips": [],
            "project": "direct-tribute-463400-f2",
            "region": "us-central1",
            "router": "dr-vpc-router",
            "rules": [],
            "source_subnetwork_ip_ranges_to_nat": "ALL_SUBNETWORKS_ALL_IP_RANGES",
            "source_subnetwork_ip_ranges_to_nat64": "",
            "subnetwork": [],
            "tcp_established_idle_timeout_sec": 1200,
            "tcp_time_wait_timeout_sec": 120,
            "tcp_transitory_idle_timeout_sec": 30,
            "timeouts": null,
            "type": "PUBLIC",
            "udp_idle_timeout_sec": 30
          },
          "sensitive_attributes": [],
          "private": "eyJlMmJmYjczMC1lY2FhLTExZTYtOGY4OC0zNDM2M2JjN2M0YzAiOnsiY3JlYXRlIjoxMjAwMDAwMDAwMDAwLCJkZWxldGUiOjEyMDAwMDAwMDAwMDAsInVwZGF0ZSI6MTIwMDAwMDAwMDAwMH19",
          "dependencies": [
            "module.network.google_compute_network.vpc",
            "module.network.google_compute_router.router"
          ]
        }
      ]
    },
    {
      "module": "module.network",
      "mode": "managed",
      "type": "google_compute_subnetwork",
      "name": "private_subnet_db",
      "provider": "provider[\"registry.terraform.io/hashicorp/google\"]",
      "instances": [
        {
          "schema_version": 0,
          "attributes": {
            "creation_timestamp": "2025-07-20T19:41:46.526-07:00",
            "description": "",
            "enable_flow_logs": false,
            "external_ipv6_prefix": "",
            "fingerprint": null,
            "gateway_address": "10.0.2.1",
            "id": "projects/direct-tribute-463400-f2/regions/us-central1/subnetworks/dr-vpc-private-db",
            "internal_ipv6_prefix": "",
            "ip_cidr_range": "10.0.2.0/24",
            "ip_collection": null,
            "ipv6_access_type": "",
            "ipv6_cidr_range": "",
            "ipv6_gce_endpoint": "",
            "log_config": [],
            "name": "dr-vpc-private-db",
            "network": "https://www.googleapis.com/compute/v1/projects/direct-tribute-463400-f2/global/networks/dr-vpc",
            "private_ip_google_access": true,
            "private_ipv6_google_access": "DISABLE_GOOGLE_ACCESS",
            "project": "direct-tribute-463400-f2",
            "purpose": "PRIVATE",
            "region": "us-central1",
            "reserved_internal_range": "",
            "role": "",
            "secondary_ip_range": [],
            "self_link": "https://www.googleapis.com/compute/v1/projects/direct-tribute-463400-f2/regions/us-central1/subnetworks/dr-vpc-private-db",
            "send_secondary_ip_range_if_empty": null,
            "stack_type": "IPV4_ONLY",
            "state": "",
            "subnetwork_id": 141116874473608709,
            "timeouts": null
          },
          "sensitive_attributes": [],
          "private": "eyJlMmJmYjczMC1lY2FhLTExZTYtOGY4OC0zNDM2M2JjN2M0YzAiOnsiY3JlYXRlIjoxMjAwMDAwMDAwMDAwLCJkZWxldGUiOjEyMDAwMDAwMDAwMDAsInVwZGF0ZSI6MTIwMDAwMDAwMDAwMH19",
          "dependencies": [
            "module.network.google_compute_network.vpc"
          ]
        }
      ]
    },
    {
      "module": "module.network",
      "mode": "managed",
      "type": "google_compute_subnetwork",
      "name": "private_subnet_kuber",
      "provider": "provider[\"registry.terraform.io/hashicorp/google\"]",
      "instances": [
        {
          "schema_version": 0,
          "attributes": {
            "creation_timestamp": "2025-07-20T19:41:48.034-07:00",
            "description": "",
            "enable_flow_logs": false,
            "external_ipv6_prefix": "",
            "fingerprint": null,
            "gateway_address": "10.0.3.1",
            "id": "projects/direct-tribute-463400-f2/regions/us-central1/subnetworks/dr-vpc-private-b",
            "internal_ipv6_prefix": "",
            "ip_cidr_range": "10.0.3.0/24",
            "ip_collection": null,
            "ipv6_access_type": "",
            "ipv6_cidr_range": "",
            "ipv6_gce_endpoint": "",
            "log_config": [],
            "name": "dr-vpc-private-b",
            "network": "https://www.googleapis.com/compute/v1/projects/direct-tribute-463400-f2/global/networks/dr-vpc",
            "private_ip_google_access": true,
            "private_ipv6_google_access": "DISABLE_GOOGLE_ACCESS",
            "project": "direct-tribute-463400-f2",
            "purpose": "PRIVATE",
            "region": "us-central1",
            "reserved_internal_range": "",
            "role": "",
            "secondary_ip_range": [],
            "self_link": "https://www.googleapis.com/compute/v1/projects/direct-tribute-463400-f2/regions/us-central1/subnetworks/dr-vpc-private-b",
            "send_secondary_ip_range_if_empty": null,
            "stack_type": "IPV4_ONLY",
            "state": "",
            "subnetwork_id": 1470248947226252803,
            "timeouts": null
          },
          "sensitive_attributes": [],
          "private": "eyJlMmJmYjczMC1lY2FhLTExZTYtOGY4OC0zNDM2M2JjN2M0YzAiOnsiY3JlYXRlIjoxMjAwMDAwMDAwMDAwLCJkZWxldGUiOjEyMDAwMDAwMDAwMDAsInVwZGF0ZSI6MTIwMDAwMDAwMDAwMH19",
          "dependencies": [
            "module.network.google_compute_network.vpc"
          ]
        }
      ]
    },
    {
      "module": "module.network",
      "mode": "managed",
      "type": "google_compute_subnetwork",
      "name": "subnet",
      "provider": "provider[\"registry.terraform.io/hashicorp/google\"]",
      "instances": [
        {
          "schema_version": 0,
          "attributes": {
            "creation_timestamp": "2025-07-20T19:41:46.527-07:00",
            "description": "",
            "enable_flow_logs": false,
            "external_ipv6_prefix": "",
            "fingerprint": null,
            "gateway_address": "10.0.0.1",
            "id": "projects/direct-tribute-463400-f2/regions/us-central1/subnetworks/dr-subnet",
            "internal_ipv6_prefix": "",
            "ip_cidr_range": "10.0.0.0/24",
            "ip_collection": null,
            "ipv6_access_type": "",
            "ipv6_cidr_range": "",
            "ipv6_gce_endpoint": "",
            "log_config": [],
            "name": "dr-subnet",
            "network": "https://www.googleapis.com/compute/v1/projects/direct-tribute-463400-f2/global/networks/dr-vpc",
            "private_ip_google_access": true,
            "private_ipv6_google_access": "DISABLE_GOOGLE_ACCESS",
            "project": "direct-tribute-463400-f2",
            "purpose": "PRIVATE",
            "region": "us-central1",
            "reserved_internal_range": "",
            "role": "",
            "secondary_ip_range": [
              {
                "ip_cidr_range": "10.40.0.0/14",
                "range_name": "gke-lovebridge-dr-cluster-pods-12cf7133",
                "reserved_internal_range": "https://networkconnectivity.googleapis.com/v1/projects/direct-tribute-463400-f2/locations/global/internalRanges/gke-lovebridge-dr-cluster-pods-12cf7133"
              }
            ],
            "self_link": "https://www.googleapis.com/compute/v1/projects/direct-tribute-463400-f2/regions/us-central1/subnetworks/dr-subnet",
            "send_secondary_ip_range_if_empty": null,
            "stack_type": "IPV4_ONLY",
            "state": "",
            "subnetwork_id": 461076029466744325,
            "timeouts": null
          },
          "sensitive_attributes": [],
          "private": "eyJlMmJmYjczMC1lY2FhLTExZTYtOGY4OC0zNDM2M2JjN2M0YzAiOnsiY3JlYXRlIjoxMjAwMDAwMDAwMDAwLCJkZWxldGUiOjEyMDAwMDAwMDAwMDAsInVwZGF0ZSI6MTIwMDAwMDAwMDAwMH19",
          "dependencies": [
            "module.network.google_compute_network.vpc"
          ]
        }
      ]
    },
    {
      "module": "module.network",
      "mode": "managed",
      "type": "google_service_networking_connection",
      "name": "private_vpc_connection",
      "provider": "provider[\"registry.terraform.io/hashicorp/google\"]",
      "instances": [
        {
          "schema_version": 0,
          "attributes": {
            "deletion_policy": null,
            "id": "projects%2Fdirect-tribute-463400-f2%2Fglobal%2Fnetworks%2Fdr-vpc:servicenetworking.googleapis.com",
            "network": "projects/direct-tribute-463400-f2/global/networks/dr-vpc",
            "peering": "servicenetworking-googleapis-com",
            "reserved_peering_ranges": [
              "sql-private-range"
            ],
            "service": "servicenetworking.googleapis.com",
            "timeouts": null,
            "update_on_creation_fail": null
          },
          "sensitive_attributes": [],
          "private": "eyJlMmJmYjczMC1lY2FhLTExZTYtOGY4OC0zNDM2M2JjN2M0YzAiOnsiY3JlYXRlIjo2MDAwMDAwMDAwMDAsImRlbGV0ZSI6NjAwMDAwMDAwMDAwLCJ1cGRhdGUiOjYwMDAwMDAwMDAwMH19",
          "dependencies": [
            "module.network.google_compute_global_address.private_ip_range",
            "module.network.google_compute_network.vpc",
            "module.network.google_compute_subnetwork.private_subnet_db",
            "module.network.google_compute_subnetwork.private_subnet_kuber"
          ]
        }
      ]
    },
    {
      "module": "module.static_ip",
      "mode": "managed",
      "type": "google_compute_address",
      "name": "gke_ingress_ip",
      "provider": "provider[\"registry.terraform.io/hashicorp/google\"]",
      "instances": [
        {
          "schema_version": 0,
          "attributes": {
            "address": "34.136.42.42",
            "address_type": "EXTERNAL",
            "creation_timestamp": "2025-07-20T19:41:46.418-07:00",
            "description": "",
            "effective_labels": {
              "goog-terraform-provisioned": "true"
            },
            "id": "projects/direct-tribute-463400-f2/regions/us-central1/addresses/gke-ingress-ip",
            "ip_version": "",
            "ipv6_endpoint_type": "",
            "label_fingerprint": "vezUS-42LLM=",
            "labels": {},
            "name": "gke-ingress-ip",
            "network": "",
            "network_tier": "PREMIUM",
            "prefix_length": 0,
            "project": "direct-tribute-463400-f2",
            "purpose": "",
            "region": "us-central1",
            "self_link": "https://www.googleapis.com/compute/v1/projects/direct-tribute-463400-f2/regions/us-central1/addresses/gke-ingress-ip",
            "subnetwork": "",
            "terraform_labels": {
              "goog-terraform-provisioned": "true"
            },
            "timeouts": null,
            "users": []
          },
          "sensitive_attributes": [],
          "private": "eyJlMmJmYjczMC1lY2FhLTExZTYtOGY4OC0zNDM2M2JjN2M0YzAiOnsiY3JlYXRlIjoxMjAwMDAwMDAwMDAwLCJkZWxldGUiOjEyMDAwMDAwMDAwMDAsInVwZGF0ZSI6MTIwMDAwMDAwMDAwMH19"
        }
      ]
    }
  ],
  "check_results": null
}
