{
  "version": 4,
  "terraform_version": "1.11.4",
  "serial": 31,
  "lineage": "5b673c0f-6ae0-4990-8a38-bcdf23e78afd",
  "outputs": {},
  "resources": [
    {
      "mode": "managed",
      "type": "aws_eks_cluster",
      "name": "main",
      "provider": "provider[\"registry.terraform.io/hashicorp/aws\"]",
      "instances": [
        {
          "schema_version": 1,
          "attributes": {
            "access_config": [
              {
                "authentication_mode": "CONFIG_MAP",
                "bootstrap_cluster_creator_admin_permissions": true
              }
            ],
            "arn": "arn:aws:eks:ap-northeast-2:680993828418:cluster/lovebridge-eks",
            "bootstrap_self_managed_addons": true,
            "certificate_authority": [
              {
                "data": "LS0tLS1CRUdJTiBDRVJUSUZJQ0FURS0tLS0tCk1JSURCVENDQWUyZ0F3SUJBZ0lJQnMzMDZyQ1VSLzh3RFFZSktvWklodmNOQVFFTEJRQXdGVEVUTUJFR0ExVUUKQXhNS2EzVmlaWEp1WlhSbGN6QWVGdzB5TlRBMk1UQXdOVFEyTURaYUZ3MHpOVEEyTURnd05UVXhNRFphTUJVeApFekFSQmdOVkJBTVRDbXQxWW1WeWJtVjBaWE13Z2dFaU1BMEdDU3FHU0liM0RRRUJBUVVBQTRJQkR3QXdnZ0VLCkFvSUJBUURvSWFvZkRaMFErVzlJY2ZwU3ZVd2J5UFV4RFNlTDRGNldsczJFR2dWU2k1TUppTXR1blp1eGg3dTcKT1g2R0U5SkJxUTBJUmlQRkFDS3hsdG5FbFJMeW1jaW1JL1JFVERiSERmS1N4c0hlZjVyVlpPc3g0SkVPeVl6bgpGOUdmZXc5bmw0SVpjU1hmUHpFZlZrcGNuOC9rUzRHbHJ0Wm1XWUhhM3FtOXJYV1p3TFdtNGRvaGkxcmF6QVBwCmFtMkFlTHlzWjI1aFRWeTV5eGVxRXZ3Q1FTLysxU1UyaFpkSEgzd0pqUkRBRWNQNW9zVUNOMEpoVEh3b2pkMjMKN0MzMzJsL0ovYlE5TUJoajRNckFseGV0VHZ3V3NTTWlUSHl2aU01bjBZNjFNdENsRzFuaWZUWFFxaGV4OWpZMgpIY0lOTCtsTXg0dkRkVlBNWmx4UHU5ejhEa2xIQWdNQkFBR2pXVEJYTUE0R0ExVWREd0VCL3dRRUF3SUNwREFQCkJnTlZIUk1CQWY4RUJUQURBUUgvTUIwR0ExVWREZ1FXQkJSb0xBYTkvc0VrWnNyYUFkVjN3ZkFybHlxZWp6QVYKQmdOVkhSRUVEakFNZ2dwcmRXSmxjbTVsZEdWek1BMEdDU3FHU0liM0RRRUJDd1VBQTRJQkFRREFsRjlHSU9wSgplNGNGZEkvQWQ0OVJrMlRCOVJ4Y3JnTWdaL3ltbno2WHVWeHJocGxJNmdkWkdUaG5Rbit5SDFMQ0hXcnFyeXNQCkp3VHZEU1JKcmNNRE9ET2IrSTREd3Z1dHZqeWNLeWhTUXpUOUVFNkY3QmpxeE1jMG9Cci9OQkVjQmRsR0VMWWQKNlZ6anByTXBCSDlSSjlQTU1iQUdjb3B6QzM5QkVWYzUyZWp4Q3AzQldGRXIzcVI0YWRWcUZuV0lHUHVCTGd5QgplcDVnNUpMWG90S1cyWWhJNWY0eWRoVUVGM2wrSEF6R0lndjdkZ2pMR21BeHpEdFdsKzZFbTJTeFlJNVFLbW90CnU5dGgzYytnalFabWlwTk1mRTY2K2N2Snl0YnQwa1VqazRzK3NDQTVBbG8rZGxYYndIRGRIZGpxN1NNelpnZGIKbkorV1l2TnV4b3RCCi0tLS0tRU5EIENFUlRJRklDQVRFLS0tLS0K"
              }
            ],
            "cluster_id": null,
            "compute_config": [],
            "created_at": "2025-06-10T05:46:44Z",
            "enabled_cluster_log_types": [],
            "encryption_config": [],
            "endpoint": "https://BCB93AFC86ED302DF1A02DE0228BE8B1.gr7.ap-northeast-2.eks.amazonaws.com",
            "force_update_version": null,
            "id": "lovebridge-eks",
            "identity": [
              {
                "oidc": [
                  {
                    "issuer": "https://oidc.eks.ap-northeast-2.amazonaws.com/id/BCB93AFC86ED302DF1A02DE0228BE8B1"
                  }
                ]
              }
            ],
            "kubernetes_network_config": [
              {
                "elastic_load_balancing": [
                  {
                    "enabled": false
                  }
                ],
                "ip_family": "ipv4",
                "service_ipv4_cidr": "172.20.0.0/16",
                "service_ipv6_cidr": ""
              }
            ],
            "name": "lovebridge-eks",
            "outpost_config": [],
            "platform_version": "eks.12",
            "remote_network_config": [],
            "role_arn": "arn:aws:iam::680993828418:role/eks-cluster-role",
            "status": "ACTIVE",
            "storage_config": [],
            "tags": {
              "Name": "lovebridge-eks"
            },
            "tags_all": {
              "Name": "lovebridge-eks"
            },
            "timeouts": null,
            "upgrade_policy": [
              {
                "support_type": "EXTENDED"
              }
            ],
            "version": "1.32",
            "vpc_config": [
              {
                "cluster_security_group_id": "sg-045273fcb9a7e87b0",
                "endpoint_private_access": true,
                "endpoint_public_access": true,
                "public_access_cidrs": [
                  "0.0.0.0/0"
                ],
                "security_group_ids": [],
                "subnet_ids": [
                  "subnet-070559891cff9b0e2",
                  "subnet-0ba126631a8af3255",
                  "subnet-0c74168ec6d5f54aa",
                  "subnet-0e12587a42edf4309"
                ],
                "vpc_id": "vpc-0e8ca3d5d39819c92"
              }
            ],
            "zonal_shift_config": []
          },
          "sensitive_attributes": [],
          "private": "eyJlMmJmYjczMC1lY2FhLTExZTYtOGY4OC0zNDM2M2JjN2M0YzAiOnsiY3JlYXRlIjoxODAwMDAwMDAwMDAwLCJkZWxldGUiOjkwMDAwMDAwMDAwMCwidXBkYXRlIjozNjAwMDAwMDAwMDAwfSwic2NoZW1hX3ZlcnNpb24iOiIxIn0=",
          "dependencies": [
            "aws_iam_role.eks_cluster_role",
            "aws_iam_role_policy_attachment.eks_cluster_policy",
            "aws_iam_role_policy_attachment.eks_vpc_resource_controller_policy"
          ]
        }
      ]
    },
    {
      "mode": "managed",
      "type": "aws_iam_role",
      "name": "eks_cluster_role",
      "provider": "provider[\"registry.terraform.io/hashicorp/aws\"]",
      "instances": [
        {
          "schema_version": 0,
          "attributes": {
            "arn": "arn:aws:iam::680993828418:role/eks-cluster-role",
            "assume_role_policy": "{\"Statement\":[{\"Action\":\"sts:AssumeRole\",\"Effect\":\"Allow\",\"Principal\":{\"Service\":\"eks.amazonaws.com\"}}],\"Version\":\"2012-10-17\"}",
            "create_date": "2025-06-10T05:46:39Z",
            "description": "",
            "force_detach_policies": false,
            "id": "eks-cluster-role",
            "inline_policy": [],
            "managed_policy_arns": [
              "arn:aws:iam::aws:policy/AmazonEKSClusterPolicy",
              "arn:aws:iam::aws:policy/AmazonEKSVPCResourceController"
            ],
            "max_session_duration": 3600,
            "name": "eks-cluster-role",
            "name_prefix": "",
            "path": "/",
            "permissions_boundary": "",
            "tags": {},
            "tags_all": {},
            "unique_id": "AROAZ5DTFFZBECULZIHMH"
          },
          "sensitive_attributes": [],
          "private": "bnVsbA=="
        }
      ]
    },
    {
      "mode": "managed",
      "type": "aws_iam_role_policy_attachment",
      "name": "eks_cluster_policy",
      "provider": "provider[\"registry.terraform.io/hashicorp/aws\"]",
      "instances": [
        {
          "schema_version": 0,
          "attributes": {
            "id": "eks-cluster-role-20250610054641319000000002",
            "policy_arn": "arn:aws:iam::aws:policy/AmazonEKSClusterPolicy",
            "role": "eks-cluster-role"
          },
          "sensitive_attributes": [],
          "private": "bnVsbA==",
          "dependencies": [
            "aws_iam_role.eks_cluster_role"
          ]
        }
      ]
    },
    {
      "mode": "managed",
      "type": "aws_iam_role_policy_attachment",
      "name": "eks_vpc_resource_controller_policy",
      "provider": "provider[\"registry.terraform.io/hashicorp/aws\"]",
      "instances": [
        {
          "schema_version": 0,
          "attributes": {
            "id": "eks-cluster-role-20250610054641012200000001",
            "policy_arn": "arn:aws:iam::aws:policy/AmazonEKSVPCResourceController",
            "role": "eks-cluster-role"
          },
          "sensitive_attributes": [],
          "private": "bnVsbA==",
          "dependencies": [
            "aws_iam_role.eks_cluster_role"
          ]
        }
      ]
    }
  ],
  "check_results": null
}
